// !$*UTF8*$!
{
	archiveVersion = 1;
	classes = {
	};
	objectVersion = 56;
	objects = {

/* Begin PBXBuildFile section */
		3C065BAA2AC714C40040D6CE /* statsViewModel.swift in Sources */ = {isa = PBXBuildFile; fileRef = 3C065BA92AC714C40040D6CE /* statsViewModel.swift */; };
		3C1091E62A7890B70049C278 /* Jura-Regular.ttf in Resources */ = {isa = PBXBuildFile; fileRef = 866C52582A7709D9008BE839 /* Jura-Regular.ttf */; };
		3C1091ED2A789A570049C278 /* Poppins-Medium.ttf in Resources */ = {isa = PBXBuildFile; fileRef = 3C1091EC2A7898830049C278 /* Poppins-Medium.ttf */; };
		3C1091EE2A789A5A0049C278 /* Poppins-Regular.ttf in Resources */ = {isa = PBXBuildFile; fileRef = 3C1091EB2A7898790049C278 /* Poppins-Regular.ttf */; };
		3C1091EF2A789A5C0049C278 /* LexendDeca-Medium.ttf in Resources */ = {isa = PBXBuildFile; fileRef = 3C1091EA2A7897DC0049C278 /* LexendDeca-Medium.ttf */; };
		3C1091F12A789D290049C278 /* LexendDeca-SemiBold.ttf in Resources */ = {isa = PBXBuildFile; fileRef = 3C1091F02A789D290049C278 /* LexendDeca-SemiBold.ttf */; };
		3C3DB73A2A7C60CE000F6898 /* chatService.swift in Sources */ = {isa = PBXBuildFile; fileRef = 3C3DB7392A7C60CE000F6898 /* chatService.swift */; };
		3C3DB73C2A7C6129000F6898 /* Chat.swift in Sources */ = {isa = PBXBuildFile; fileRef = 3C3DB73B2A7C6129000F6898 /* Chat.swift */; };
		3C3DB73E2A7C7E3E000F6898 /* chatViewModel.swift in Sources */ = {isa = PBXBuildFile; fileRef = 3C3DB73D2A7C7E3E000F6898 /* chatViewModel.swift */; };
		3C5F715E2A7983CB00B3AB4C /* LexendDeca-Light.ttf in Resources */ = {isa = PBXBuildFile; fileRef = 3C5F715D2A7983CA00B3AB4C /* LexendDeca-Light.ttf */; };
		3C7C708A2A92F38600C7C9DB /* globalPrizesView.swift in Sources */ = {isa = PBXBuildFile; fileRef = 3C7C70892A92F38600C7C9DB /* globalPrizesView.swift */; };
		3C7C708C2A92F5F800C7C9DB /* prizesViewModel.swift in Sources */ = {isa = PBXBuildFile; fileRef = 3C7C708B2A92F5F800C7C9DB /* prizesViewModel.swift */; };
		3C86F93A2B9C083500990049 /* peer2peerViewModel.swift in Sources */ = {isa = PBXBuildFile; fileRef = 3C86F9392B9C083500990049 /* peer2peerViewModel.swift */; };
		3C8E5C912B3FEE1F0075B300 /* inAppPurchaseView.swift in Sources */ = {isa = PBXBuildFile; fileRef = 3C8E5C902B3FEE1E0075B300 /* inAppPurchaseView.swift */; };
		3C8E5C932B43AA8A0075B300 /* challengeView.swift in Sources */ = {isa = PBXBuildFile; fileRef = 3C8E5C922B43AA8A0075B300 /* challengeView.swift */; };
		3C8E5C952B43C28C0075B300 /* challengeViewModel.swift in Sources */ = {isa = PBXBuildFile; fileRef = 3C8E5C942B43C28C0075B300 /* challengeViewModel.swift */; };
		3C913EAB2BA51B97001D2153 /* acceptDirectChallenge.swift in Sources */ = {isa = PBXBuildFile; fileRef = 3C913EAA2BA51B97001D2153 /* acceptDirectChallenge.swift */; };
		3C91B6C62A58BA0E00398F53 /* UI Misc.swift in Sources */ = {isa = PBXBuildFile; fileRef = 3C91B6C52A58BA0E00398F53 /* UI Misc.swift */; };
		3C91B6C82A58BE6D00398F53 /* RoundingUI.swift in Sources */ = {isa = PBXBuildFile; fileRef = 3C91B6C72A58BE6D00398F53 /* RoundingUI.swift */; };
		3C95678A2B90081E000A1A56 /* betPopupView.swift in Sources */ = {isa = PBXBuildFile; fileRef = 3C9567892B90081E000A1A56 /* betPopupView.swift */; };
		3C972C8A2B2FC07100671D0F /* screen1ViewModel.swift in Sources */ = {isa = PBXBuildFile; fileRef = 3C972C892B2FC07100671D0F /* screen1ViewModel.swift */; };
		3C97BA5D2B0BDF7A00FE7A6B /* GoogleService-Info.plist in Resources */ = {isa = PBXBuildFile; fileRef = 3C97BA5C2B0BDF7A00FE7A6B /* GoogleService-Info.plist */; };
		3C9D85C02B63551F001E702C /* PopupView in Frameworks */ = {isa = PBXBuildFile; productRef = 3C9D85BF2B63551F001E702C /* PopupView */; };
		3CA8603B2B96BCE5006CA81D /* peer2peerPopUp.swift in Sources */ = {isa = PBXBuildFile; fileRef = 3CA8603A2B96BCE5006CA81D /* peer2peerPopUp.swift */; };
		3CACEDAB2B856315002A88B2 /* signUpView.swift in Sources */ = {isa = PBXBuildFile; fileRef = 3CACEDAA2B856315002A88B2 /* signUpView.swift */; };
		3CADF50D2B4F091400BE850E /* pendingChallengeView.swift in Sources */ = {isa = PBXBuildFile; fileRef = 3CADF50C2B4F091400BE850E /* pendingChallengeView.swift */; };
		3CB1AC8B2A61602700C931CA /* Group.swift in Sources */ = {isa = PBXBuildFile; fileRef = 3CB1AC8A2A61602700C931CA /* Group.swift */; };
		3CB799BC2B47501D00C7A9F0 /* challengeViewTwo.swift in Sources */ = {isa = PBXBuildFile; fileRef = 3CB799BB2B47501D00C7A9F0 /* challengeViewTwo.swift */; };
		3CD023D02A84655E0033D761 /* groupSettingsView.swift in Sources */ = {isa = PBXBuildFile; fileRef = 3CD023CF2A84655E0033D761 /* groupSettingsView.swift */; };
		3CFD81C12B6BD0EF00DB3E7C /* finishedChallengeView.swift in Sources */ = {isa = PBXBuildFile; fileRef = 3CFD81C02B6BD0EF00DB3E7C /* finishedChallengeView.swift */; };
		3CFD81C42B6C64E700DB3E7C /* paymentViewModel.swift in Sources */ = {isa = PBXBuildFile; fileRef = 3CFD81C32B6C64E600DB3E7C /* paymentViewModel.swift */; };
		3CFEC48A2B4E517800C11B5C /* challengeTicketView.swift in Sources */ = {isa = PBXBuildFile; fileRef = 3CFEC4892B4E517800C11B5C /* challengeTicketView.swift */; };
		3CFEC48C2B4E716000C11B5C /* finalizeChallengeView.swift in Sources */ = {isa = PBXBuildFile; fileRef = 3CFEC48B2B4E716000C11B5C /* finalizeChallengeView.swift */; };
		8603ACFE2B1099C500B3B6BD /* FirebaseAnalytics in Frameworks */ = {isa = PBXBuildFile; productRef = 8603ACFD2B1099C500B3B6BD /* FirebaseAnalytics */; };
		8603AD002B1099C500B3B6BD /* FirebaseAnalyticsSwift in Frameworks */ = {isa = PBXBuildFile; productRef = 8603ACFF2B1099C500B3B6BD /* FirebaseAnalyticsSwift */; };
		8603AD022B1099C500B3B6BD /* FirebaseAuth in Frameworks */ = {isa = PBXBuildFile; productRef = 8603AD012B1099C500B3B6BD /* FirebaseAuth */; };
		8603AD042B1099C500B3B6BD /* FirebaseCrashlytics in Frameworks */ = {isa = PBXBuildFile; productRef = 8603AD032B1099C500B3B6BD /* FirebaseCrashlytics */; };
		8603AD062B1099C500B3B6BD /* FirebaseFirestore in Frameworks */ = {isa = PBXBuildFile; productRef = 8603AD052B1099C500B3B6BD /* FirebaseFirestore */; };
		8603AD082B1099C500B3B6BD /* FirebaseFirestoreCombine-Community in Frameworks */ = {isa = PBXBuildFile; productRef = 8603AD072B1099C500B3B6BD /* FirebaseFirestoreCombine-Community */; };
		8603AD0A2B1099C500B3B6BD /* FirebaseFirestoreSwift in Frameworks */ = {isa = PBXBuildFile; productRef = 8603AD092B1099C500B3B6BD /* FirebaseFirestoreSwift */; };
		8603AD0C2B1099C500B3B6BD /* FirebaseFunctions in Frameworks */ = {isa = PBXBuildFile; productRef = 8603AD0B2B1099C500B3B6BD /* FirebaseFunctions */; };
		8603AD0E2B1099C500B3B6BD /* FirebaseInAppMessaging-Beta in Frameworks */ = {isa = PBXBuildFile; productRef = 8603AD0D2B1099C500B3B6BD /* FirebaseInAppMessaging-Beta */; };
		8603AD102B1099C500B3B6BD /* FirebaseMessaging in Frameworks */ = {isa = PBXBuildFile; productRef = 8603AD0F2B1099C500B3B6BD /* FirebaseMessaging */; };
		8603AD122B1099C500B3B6BD /* FirebasePerformance in Frameworks */ = {isa = PBXBuildFile; productRef = 8603AD112B1099C500B3B6BD /* FirebasePerformance */; };
		8603AD142B1099C500B3B6BD /* FirebaseStorage in Frameworks */ = {isa = PBXBuildFile; productRef = 8603AD132B1099C500B3B6BD /* FirebaseStorage */; };
		8603AD172B109A0E00B3B6BD /* Kingfisher in Frameworks */ = {isa = PBXBuildFile; productRef = 8603AD162B109A0E00B3B6BD /* Kingfisher */; };
		863FC0512A41176400405F2A /* ticketViewModel.swift in Sources */ = {isa = PBXBuildFile; fileRef = 863FC0502A41176400405F2A /* ticketViewModel.swift */; };
		863FC0532A466FD500405F2A /* groupService.swift in Sources */ = {isa = PBXBuildFile; fileRef = 863FC0522A466FD500405F2A /* groupService.swift */; };
		863FF91D2A5B0FA200942CE7 /* sportsSelecterView.swift in Sources */ = {isa = PBXBuildFile; fileRef = 863FF91C2A5B0FA200942CE7 /* sportsSelecterView.swift */; };
		863FF91F2A5B0FDC00942CE7 /* sportsSelectorViewModel.swift in Sources */ = {isa = PBXBuildFile; fileRef = 863FF91E2A5B0FDC00942CE7 /* sportsSelectorViewModel.swift */; };
		8642C2142B249D0E00BB96AD /* GoogleSignIn in Frameworks */ = {isa = PBXBuildFile; productRef = 8642C2132B249D0E00BB96AD /* GoogleSignIn */; };
		8642C2162B249D0E00BB96AD /* GoogleSignInSwift in Frameworks */ = {isa = PBXBuildFile; productRef = 8642C2152B249D0E00BB96AD /* GoogleSignInSwift */; };
		864A2D5F2A6D7DAF000FBA35 /* profileViewModel.swift in Sources */ = {isa = PBXBuildFile; fileRef = 864A2D5E2A6D7DAF000FBA35 /* profileViewModel.swift */; };
		864A2D632A6D7F93000FBA35 /* AppUtilitiy.swift in Sources */ = {isa = PBXBuildFile; fileRef = 864A2D622A6D7F93000FBA35 /* AppUtilitiy.swift */; };
		864A2D662A6D8090000FBA35 /* AlertView.swift in Sources */ = {isa = PBXBuildFile; fileRef = 864A2D652A6D8090000FBA35 /* AlertView.swift */; };
		864A2D682A6D80C1000FBA35 /* ButtonComponent.swift in Sources */ = {isa = PBXBuildFile; fileRef = 864A2D672A6D80C1000FBA35 /* ButtonComponent.swift */; };
		864A2D6A2A6D82CF000FBA35 /* editProfileViewModel.swift in Sources */ = {isa = PBXBuildFile; fileRef = 864A2D692A6D82CF000FBA35 /* editProfileViewModel.swift */; };
		864A2D6C2A6D8370000FBA35 /* editProfileView.swift in Sources */ = {isa = PBXBuildFile; fileRef = 864A2D6B2A6D8370000FBA35 /* editProfileView.swift */; };
		864A2D6E2A70ED21000FBA35 /* imageUploader.swift in Sources */ = {isa = PBXBuildFile; fileRef = 864A2D6D2A70ED21000FBA35 /* imageUploader.swift */; };
		864A2D702A70EE9E000FBA35 /* imagePicker.swift in Sources */ = {isa = PBXBuildFile; fileRef = 864A2D6F2A70EE9E000FBA35 /* imagePicker.swift */; };
		8653242D2A63B536005AB3EF /* createGroupsView.swift in Sources */ = {isa = PBXBuildFile; fileRef = 8653242C2A63B535005AB3EF /* createGroupsView.swift */; };
		8653242F2A63B74C005AB3EF /* createGroupsViewModel.swift in Sources */ = {isa = PBXBuildFile; fileRef = 8653242E2A63B74C005AB3EF /* createGroupsViewModel.swift */; };
		865324332A643720005AB3EF /* groupsViewModel.swift in Sources */ = {isa = PBXBuildFile; fileRef = 865324322A643720005AB3EF /* groupsViewModel.swift */; };
		865C4A762A327CA600C3C626 /* authenticationView.swift in Sources */ = {isa = PBXBuildFile; fileRef = 865C4A752A327CA600C3C626 /* authenticationView.swift */; };
		865C4A782A327CC200C3C626 /* authenticationViewModel.swift in Sources */ = {isa = PBXBuildFile; fileRef = 865C4A772A327CC200C3C626 /* authenticationViewModel.swift */; };
		865C4A7A2A32890F00C3C626 /* userService.swift in Sources */ = {isa = PBXBuildFile; fileRef = 865C4A792A32890F00C3C626 /* userService.swift */; };
		865C4A7C2A32893100C3C626 /* User.swift in Sources */ = {isa = PBXBuildFile; fileRef = 865C4A7B2A32893100C3C626 /* User.swift */; };
		866251102A3E862400708495 /* Ticket.swift in Sources */ = {isa = PBXBuildFile; fileRef = 8662510F2A3E862400708495 /* Ticket.swift */; };
		866251122A3E892E00708495 /* Bet.swift in Sources */ = {isa = PBXBuildFile; fileRef = 866251112A3E892E00708495 /* Bet.swift */; };
		866251142A40D3B500708495 /* betService.swift in Sources */ = {isa = PBXBuildFile; fileRef = 866251132A40D3B500708495 /* betService.swift */; };
		8668B30F2A2EE62700A1B343 /* Game.swift in Sources */ = {isa = PBXBuildFile; fileRef = 8668B30E2A2EE62700A1B343 /* Game.swift */; };
		8668B3112A2EE9CF00A1B343 /* bookViewModel.swift in Sources */ = {isa = PBXBuildFile; fileRef = 8668B3102A2EE9CF00A1B343 /* bookViewModel.swift */; };
		8668B3132A2EF06A00A1B343 /* gameService.swift in Sources */ = {isa = PBXBuildFile; fileRef = 8668B3122A2EF06A00A1B343 /* gameService.swift */; };
		866C52562A737B27008BE839 /* settingsView.swift in Sources */ = {isa = PBXBuildFile; fileRef = 866C52552A737B27008BE839 /* settingsView.swift */; };
		866C525B2A7712F1008BE839 /* Poppins-Light.ttf in Resources */ = {isa = PBXBuildFile; fileRef = 866C525A2A7712F1008BE839 /* Poppins-Light.ttf */; };
		866FFFA82AFE630E00A0CA13 /* SignupIntro.swift in Sources */ = {isa = PBXBuildFile; fileRef = 866FFFA72AFE630E00A0CA13 /* SignupIntro.swift */; };
		867713EE2AC3284A00B2B036 /* Stats.swift in Sources */ = {isa = PBXBuildFile; fileRef = 867713ED2AC3284A00B2B036 /* Stats.swift */; };
		867801552A213010006FE479 /* Weekly_WinnerApp.swift in Sources */ = {isa = PBXBuildFile; fileRef = 867801542A213010006FE479 /* Weekly_WinnerApp.swift */; };
		867801572A213010006FE479 /* ContentView.swift in Sources */ = {isa = PBXBuildFile; fileRef = 867801562A213010006FE479 /* ContentView.swift */; };
		8678015D2A213015006FE479 /* Preview Assets.xcassets in Resources */ = {isa = PBXBuildFile; fileRef = 8678015C2A213015006FE479 /* Preview Assets.xcassets */; };
		867801672A213015006FE479 /* Weekly_WinnerTests.swift in Sources */ = {isa = PBXBuildFile; fileRef = 867801662A213015006FE479 /* Weekly_WinnerTests.swift */; };
		867801712A213015006FE479 /* Weekly_WinnerUITests.swift in Sources */ = {isa = PBXBuildFile; fileRef = 867801702A213015006FE479 /* Weekly_WinnerUITests.swift */; };
		867801732A213015006FE479 /* Weekly_WinnerUITestsLaunchTests.swift in Sources */ = {isa = PBXBuildFile; fileRef = 867801722A213015006FE479 /* Weekly_WinnerUITestsLaunchTests.swift */; };
		867801802A213CB9006FE479 /* tabBarView.swift in Sources */ = {isa = PBXBuildFile; fileRef = 8678017F2A213CB9006FE479 /* tabBarView.swift */; };
		867801822A213F83006FE479 /* screen1.swift in Sources */ = {isa = PBXBuildFile; fileRef = 867801812A213F83006FE479 /* screen1.swift */; };
		867801842A213F90006FE479 /* screen2.swift in Sources */ = {isa = PBXBuildFile; fileRef = 867801832A213F90006FE479 /* screen2.swift */; };
		867801862A213F9A006FE479 /* groupsView.swift in Sources */ = {isa = PBXBuildFile; fileRef = 867801852A213F99006FE479 /* groupsView.swift */; };
		867801882A213FA5006FE479 /* ticketView.swift in Sources */ = {isa = PBXBuildFile; fileRef = 867801872A213FA5006FE479 /* ticketView.swift */; };
		8678018A2A213FB1006FE479 /* profileView.swift in Sources */ = {isa = PBXBuildFile; fileRef = 867801892A213FB1006FE479 /* profileView.swift */; };
		867C14B52B4494900095DBCC /* ChallengeTicket.swift in Sources */ = {isa = PBXBuildFile; fileRef = 867C14B42B4494900095DBCC /* ChallengeTicket.swift */; };
		8688C5902AFFDCBD007EED78 /* GifImage.swift in Sources */ = {isa = PBXBuildFile; fileRef = 8688C58F2AFFDCBD007EED78 /* GifImage.swift */; };
		8688C5922AFFDE28007EED78 /* out-_1_.gif in Resources */ = {isa = PBXBuildFile; fileRef = 8688C5912AFFDE28007EED78 /* out-_1_.gif */; };
		8688C5942AFFDFCB007EED78 /* Iphone.gif in Resources */ = {isa = PBXBuildFile; fileRef = 8688C5932AFFDFCB007EED78 /* Iphone.gif */; };
		8688C5962B00CEF3007EED78 /* Assets.xcassets in Resources */ = {isa = PBXBuildFile; fileRef = 8688C5952B00CEF3007EED78 /* Assets.xcassets */; };
		868FDA8B2A8AD4BC0092E3C5 /* splashScreenView.swift in Sources */ = {isa = PBXBuildFile; fileRef = 868FDA8A2A8AD4BC0092E3C5 /* splashScreenView.swift */; };
		868FDA8D2A8D65AE0092E3C5 /* profilePhotoSelectorView.swift in Sources */ = {isa = PBXBuildFile; fileRef = 868FDA8C2A8D65AE0092E3C5 /* profilePhotoSelectorView.swift */; };
		868FDA8F2A8D67270092E3C5 /* TermsAndConditionsSignupView.swift in Sources */ = {isa = PBXBuildFile; fileRef = 868FDA8E2A8D67270092E3C5 /* TermsAndConditionsSignupView.swift */; };
		869B67F42B5B248300F6CCDF /* finalizeAcceptChallengeView.swift in Sources */ = {isa = PBXBuildFile; fileRef = 869B67F32B5B248300F6CCDF /* finalizeAcceptChallengeView.swift */; };
		869B67F62B5D750200F6CCDF /* inActionChallengeViewModel.swift in Sources */ = {isa = PBXBuildFile; fileRef = 869B67F52B5D750200F6CCDF /* inActionChallengeViewModel.swift */; };
		869B67F82B5D797500F6CCDF /* inActionChallengeView.swift in Sources */ = {isa = PBXBuildFile; fileRef = 869B67F72B5D797500F6CCDF /* inActionChallengeView.swift */; };
		869B67FA2B5ECF0300F6CCDF /* DeviceLocationService.swift in Sources */ = {isa = PBXBuildFile; fileRef = 869B67F92B5ECF0300F6CCDF /* DeviceLocationService.swift */; };
		869B67FC2B5ED16500F6CCDF /* purchaseCurrencyView.swift in Sources */ = {isa = PBXBuildFile; fileRef = 869B67FB2B5ED16500F6CCDF /* purchaseCurrencyView.swift */; };
		86BC796A2B843FCD008BA830 /* emailVerificationView.swift in Sources */ = {isa = PBXBuildFile; fileRef = 86BC79692B843FCD008BA830 /* emailVerificationView.swift */; };
		86E55C302B5B1C4F003164EE /* pendingChallengeViewModel.swift in Sources */ = {isa = PBXBuildFile; fileRef = 86E55C2F2B5B1C4F003164EE /* pendingChallengeViewModel.swift */; };
		86E55C322B5B1CB3003164EE /* acceptChallengeVew.swift in Sources */ = {isa = PBXBuildFile; fileRef = 86E55C312B5B1CB3003164EE /* acceptChallengeVew.swift */; };
		86E989C32B58577E000B2DB4 /* challengeDetails.swift in Sources */ = {isa = PBXBuildFile; fileRef = 86E989C22B58577E000B2DB4 /* challengeDetails.swift */; };
		86F03BBE2BB1B00C009169AC /* addFriendsView.swift in Sources */ = {isa = PBXBuildFile; fileRef = 86F03BBD2BB1B00C009169AC /* addFriendsView.swift */; };
		86F03BC02BB1B059009169AC /* addFriendsViewModel.swift in Sources */ = {isa = PBXBuildFile; fileRef = 86F03BBF2BB1B059009169AC /* addFriendsViewModel.swift */; };
/* End PBXBuildFile section */

/* Begin PBXContainerItemProxy section */
		867801632A213015006FE479 /* PBXContainerItemProxy */ = {
			isa = PBXContainerItemProxy;
			containerPortal = 867801492A213010006FE479 /* Project object */;
			proxyType = 1;
			remoteGlobalIDString = 867801502A213010006FE479;
			remoteInfo = "Weekly Winner";
		};
		8678016D2A213015006FE479 /* PBXContainerItemProxy */ = {
			isa = PBXContainerItemProxy;
			containerPortal = 867801492A213010006FE479 /* Project object */;
			proxyType = 1;
			remoteGlobalIDString = 867801502A213010006FE479;
			remoteInfo = "Weekly Winner";
		};
/* End PBXContainerItemProxy section */

/* Begin PBXFileReference section */
		3C065BA92AC714C40040D6CE /* statsViewModel.swift */ = {isa = PBXFileReference; lastKnownFileType = sourcecode.swift; path = statsViewModel.swift; sourceTree = "<group>"; };
		3C1091EA2A7897DC0049C278 /* LexendDeca-Medium.ttf */ = {isa = PBXFileReference; lastKnownFileType = file; path = "LexendDeca-Medium.ttf"; sourceTree = "<group>"; };
		3C1091EB2A7898790049C278 /* Poppins-Regular.ttf */ = {isa = PBXFileReference; lastKnownFileType = file; path = "Poppins-Regular.ttf"; sourceTree = "<group>"; };
		3C1091EC2A7898830049C278 /* Poppins-Medium.ttf */ = {isa = PBXFileReference; lastKnownFileType = file; path = "Poppins-Medium.ttf"; sourceTree = "<group>"; };
		3C1091F02A789D290049C278 /* LexendDeca-SemiBold.ttf */ = {isa = PBXFileReference; lastKnownFileType = file; path = "LexendDeca-SemiBold.ttf"; sourceTree = "<group>"; };
		3C3DB7392A7C60CE000F6898 /* chatService.swift */ = {isa = PBXFileReference; lastKnownFileType = sourcecode.swift; path = chatService.swift; sourceTree = "<group>"; };
		3C3DB73B2A7C6129000F6898 /* Chat.swift */ = {isa = PBXFileReference; lastKnownFileType = sourcecode.swift; path = Chat.swift; sourceTree = "<group>"; };
		3C3DB73D2A7C7E3E000F6898 /* chatViewModel.swift */ = {isa = PBXFileReference; lastKnownFileType = sourcecode.swift; path = chatViewModel.swift; sourceTree = "<group>"; };
		3C5DE7352AF93A66003225EB /* Weekly WinnerDebug.entitlements */ = {isa = PBXFileReference; lastKnownFileType = text.plist.entitlements; path = "Weekly WinnerDebug.entitlements"; sourceTree = "<group>"; };
		3C5F715D2A7983CA00B3AB4C /* LexendDeca-Light.ttf */ = {isa = PBXFileReference; lastKnownFileType = file; path = "LexendDeca-Light.ttf"; sourceTree = "<group>"; };
		3C7C70892A92F38600C7C9DB /* globalPrizesView.swift */ = {isa = PBXFileReference; lastKnownFileType = sourcecode.swift; path = globalPrizesView.swift; sourceTree = "<group>"; };
		3C7C708B2A92F5F800C7C9DB /* prizesViewModel.swift */ = {isa = PBXFileReference; lastKnownFileType = sourcecode.swift; path = prizesViewModel.swift; sourceTree = "<group>"; };
		3C86F9392B9C083500990049 /* peer2peerViewModel.swift */ = {isa = PBXFileReference; lastKnownFileType = sourcecode.swift; path = peer2peerViewModel.swift; sourceTree = "<group>"; };
		3C8E5C902B3FEE1E0075B300 /* inAppPurchaseView.swift */ = {isa = PBXFileReference; lastKnownFileType = sourcecode.swift; path = inAppPurchaseView.swift; sourceTree = "<group>"; };
		3C8E5C922B43AA8A0075B300 /* challengeView.swift */ = {isa = PBXFileReference; lastKnownFileType = sourcecode.swift; path = challengeView.swift; sourceTree = "<group>"; };
		3C8E5C942B43C28C0075B300 /* challengeViewModel.swift */ = {isa = PBXFileReference; lastKnownFileType = sourcecode.swift; path = challengeViewModel.swift; sourceTree = "<group>"; };
		3C913EAA2BA51B97001D2153 /* acceptDirectChallenge.swift */ = {isa = PBXFileReference; lastKnownFileType = sourcecode.swift; path = acceptDirectChallenge.swift; sourceTree = "<group>"; };
		3C91B6C52A58BA0E00398F53 /* UI Misc.swift */ = {isa = PBXFileReference; lastKnownFileType = sourcecode.swift; path = "UI Misc.swift"; sourceTree = "<group>"; };
		3C91B6C72A58BE6D00398F53 /* RoundingUI.swift */ = {isa = PBXFileReference; lastKnownFileType = sourcecode.swift; path = RoundingUI.swift; sourceTree = "<group>"; };
		3C9567892B90081E000A1A56 /* betPopupView.swift */ = {isa = PBXFileReference; lastKnownFileType = sourcecode.swift; path = betPopupView.swift; sourceTree = "<group>"; };
		3C972C892B2FC07100671D0F /* screen1ViewModel.swift */ = {isa = PBXFileReference; lastKnownFileType = sourcecode.swift; path = screen1ViewModel.swift; sourceTree = "<group>"; };
		3C97BA5C2B0BDF7A00FE7A6B /* GoogleService-Info.plist */ = {isa = PBXFileReference; fileEncoding = 4; lastKnownFileType = text.plist.xml; path = "GoogleService-Info.plist"; sourceTree = "<group>"; };
		3CA8603A2B96BCE5006CA81D /* peer2peerPopUp.swift */ = {isa = PBXFileReference; lastKnownFileType = sourcecode.swift; path = peer2peerPopUp.swift; sourceTree = "<group>"; };
		3CACEDAA2B856315002A88B2 /* signUpView.swift */ = {isa = PBXFileReference; lastKnownFileType = sourcecode.swift; path = signUpView.swift; sourceTree = "<group>"; };
		3CADF50C2B4F091400BE850E /* pendingChallengeView.swift */ = {isa = PBXFileReference; lastKnownFileType = sourcecode.swift; path = pendingChallengeView.swift; sourceTree = "<group>"; };
		3CB1AC8A2A61602700C931CA /* Group.swift */ = {isa = PBXFileReference; lastKnownFileType = sourcecode.swift; path = Group.swift; sourceTree = "<group>"; };
		3CB799BB2B47501D00C7A9F0 /* challengeViewTwo.swift */ = {isa = PBXFileReference; lastKnownFileType = sourcecode.swift; path = challengeViewTwo.swift; sourceTree = "<group>"; };
		3CD023CF2A84655E0033D761 /* groupSettingsView.swift */ = {isa = PBXFileReference; lastKnownFileType = sourcecode.swift; path = groupSettingsView.swift; sourceTree = "<group>"; };
		3CFD81C02B6BD0EF00DB3E7C /* finishedChallengeView.swift */ = {isa = PBXFileReference; lastKnownFileType = sourcecode.swift; path = finishedChallengeView.swift; sourceTree = "<group>"; };
		3CFD81C32B6C64E600DB3E7C /* paymentViewModel.swift */ = {isa = PBXFileReference; lastKnownFileType = sourcecode.swift; path = paymentViewModel.swift; sourceTree = "<group>"; };
		3CFEC4892B4E517800C11B5C /* challengeTicketView.swift */ = {isa = PBXFileReference; lastKnownFileType = sourcecode.swift; path = challengeTicketView.swift; sourceTree = "<group>"; };
		3CFEC48B2B4E716000C11B5C /* finalizeChallengeView.swift */ = {isa = PBXFileReference; lastKnownFileType = sourcecode.swift; path = finalizeChallengeView.swift; sourceTree = "<group>"; };
		863FC0502A41176400405F2A /* ticketViewModel.swift */ = {isa = PBXFileReference; lastKnownFileType = sourcecode.swift; path = ticketViewModel.swift; sourceTree = "<group>"; };
		863FC0522A466FD500405F2A /* groupService.swift */ = {isa = PBXFileReference; lastKnownFileType = sourcecode.swift; path = groupService.swift; sourceTree = "<group>"; };
		863FF91C2A5B0FA200942CE7 /* sportsSelecterView.swift */ = {isa = PBXFileReference; lastKnownFileType = sourcecode.swift; path = sportsSelecterView.swift; sourceTree = "<group>"; };
		863FF91E2A5B0FDC00942CE7 /* sportsSelectorViewModel.swift */ = {isa = PBXFileReference; lastKnownFileType = sourcecode.swift; path = sportsSelectorViewModel.swift; sourceTree = "<group>"; };
		864A2D5E2A6D7DAF000FBA35 /* profileViewModel.swift */ = {isa = PBXFileReference; lastKnownFileType = sourcecode.swift; path = profileViewModel.swift; sourceTree = "<group>"; };
		864A2D622A6D7F93000FBA35 /* AppUtilitiy.swift */ = {isa = PBXFileReference; lastKnownFileType = sourcecode.swift; path = AppUtilitiy.swift; sourceTree = "<group>"; };
		864A2D652A6D8090000FBA35 /* AlertView.swift */ = {isa = PBXFileReference; lastKnownFileType = sourcecode.swift; path = AlertView.swift; sourceTree = "<group>"; };
		864A2D672A6D80C1000FBA35 /* ButtonComponent.swift */ = {isa = PBXFileReference; lastKnownFileType = sourcecode.swift; path = ButtonComponent.swift; sourceTree = "<group>"; };
		864A2D692A6D82CF000FBA35 /* editProfileViewModel.swift */ = {isa = PBXFileReference; lastKnownFileType = sourcecode.swift; path = editProfileViewModel.swift; sourceTree = "<group>"; };
		864A2D6B2A6D8370000FBA35 /* editProfileView.swift */ = {isa = PBXFileReference; lastKnownFileType = sourcecode.swift; path = editProfileView.swift; sourceTree = "<group>"; };
		864A2D6D2A70ED21000FBA35 /* imageUploader.swift */ = {isa = PBXFileReference; lastKnownFileType = sourcecode.swift; path = imageUploader.swift; sourceTree = "<group>"; };
		864A2D6F2A70EE9E000FBA35 /* imagePicker.swift */ = {isa = PBXFileReference; lastKnownFileType = sourcecode.swift; path = imagePicker.swift; sourceTree = "<group>"; };
		8653242C2A63B535005AB3EF /* createGroupsView.swift */ = {isa = PBXFileReference; lastKnownFileType = sourcecode.swift; path = createGroupsView.swift; sourceTree = "<group>"; };
		8653242E2A63B74C005AB3EF /* createGroupsViewModel.swift */ = {isa = PBXFileReference; lastKnownFileType = sourcecode.swift; path = createGroupsViewModel.swift; sourceTree = "<group>"; };
		865324322A643720005AB3EF /* groupsViewModel.swift */ = {isa = PBXFileReference; lastKnownFileType = sourcecode.swift; path = groupsViewModel.swift; sourceTree = "<group>"; };
		865C4A752A327CA600C3C626 /* authenticationView.swift */ = {isa = PBXFileReference; lastKnownFileType = sourcecode.swift; path = authenticationView.swift; sourceTree = "<group>"; };
		865C4A772A327CC200C3C626 /* authenticationViewModel.swift */ = {isa = PBXFileReference; lastKnownFileType = sourcecode.swift; path = authenticationViewModel.swift; sourceTree = "<group>"; };
		865C4A792A32890F00C3C626 /* userService.swift */ = {isa = PBXFileReference; lastKnownFileType = sourcecode.swift; path = userService.swift; sourceTree = "<group>"; };
		865C4A7B2A32893100C3C626 /* User.swift */ = {isa = PBXFileReference; lastKnownFileType = sourcecode.swift; path = User.swift; sourceTree = "<group>"; };
		8662510F2A3E862400708495 /* Ticket.swift */ = {isa = PBXFileReference; lastKnownFileType = sourcecode.swift; path = Ticket.swift; sourceTree = "<group>"; };
		866251112A3E892E00708495 /* Bet.swift */ = {isa = PBXFileReference; lastKnownFileType = sourcecode.swift; path = Bet.swift; sourceTree = "<group>"; };
		866251132A40D3B500708495 /* betService.swift */ = {isa = PBXFileReference; lastKnownFileType = sourcecode.swift; path = betService.swift; sourceTree = "<group>"; };
		8668B30E2A2EE62700A1B343 /* Game.swift */ = {isa = PBXFileReference; lastKnownFileType = sourcecode.swift; path = Game.swift; sourceTree = "<group>"; };
		8668B3102A2EE9CF00A1B343 /* bookViewModel.swift */ = {isa = PBXFileReference; lastKnownFileType = sourcecode.swift; path = bookViewModel.swift; sourceTree = "<group>"; };
		8668B3122A2EF06A00A1B343 /* gameService.swift */ = {isa = PBXFileReference; lastKnownFileType = sourcecode.swift; path = gameService.swift; sourceTree = "<group>"; };
		866C52552A737B27008BE839 /* settingsView.swift */ = {isa = PBXFileReference; lastKnownFileType = sourcecode.swift; path = settingsView.swift; sourceTree = "<group>"; };
		866C52582A7709D9008BE839 /* Jura-Regular.ttf */ = {isa = PBXFileReference; lastKnownFileType = file; path = "Jura-Regular.ttf"; sourceTree = "<group>"; };
		866C52592A770B4E008BE839 /* Weekly-Winner-Info.plist */ = {isa = PBXFileReference; lastKnownFileType = text.plist; path = "Weekly-Winner-Info.plist"; sourceTree = SOURCE_ROOT; };
		866C525A2A7712F1008BE839 /* Poppins-Light.ttf */ = {isa = PBXFileReference; lastKnownFileType = file; path = "Poppins-Light.ttf"; sourceTree = "<group>"; };
		866FFFA72AFE630E00A0CA13 /* SignupIntro.swift */ = {isa = PBXFileReference; lastKnownFileType = sourcecode.swift; path = SignupIntro.swift; sourceTree = "<group>"; };
		867713ED2AC3284A00B2B036 /* Stats.swift */ = {isa = PBXFileReference; lastKnownFileType = sourcecode.swift; path = Stats.swift; sourceTree = "<group>"; };
		867801512A213010006FE479 /* Weekly Winner.app */ = {isa = PBXFileReference; explicitFileType = wrapper.application; includeInIndex = 0; path = "Weekly Winner.app"; sourceTree = BUILT_PRODUCTS_DIR; };
		867801542A213010006FE479 /* Weekly_WinnerApp.swift */ = {isa = PBXFileReference; lastKnownFileType = sourcecode.swift; path = Weekly_WinnerApp.swift; sourceTree = "<group>"; };
		867801562A213010006FE479 /* ContentView.swift */ = {isa = PBXFileReference; lastKnownFileType = sourcecode.swift; path = ContentView.swift; sourceTree = "<group>"; };
		8678015A2A213015006FE479 /* Weekly_Winner.entitlements */ = {isa = PBXFileReference; lastKnownFileType = text.plist.entitlements; path = Weekly_Winner.entitlements; sourceTree = "<group>"; };
		8678015C2A213015006FE479 /* Preview Assets.xcassets */ = {isa = PBXFileReference; lastKnownFileType = folder.assetcatalog; path = "Preview Assets.xcassets"; sourceTree = "<group>"; };
		867801622A213015006FE479 /* Weekly WinnerTests.xctest */ = {isa = PBXFileReference; explicitFileType = wrapper.cfbundle; includeInIndex = 0; path = "Weekly WinnerTests.xctest"; sourceTree = BUILT_PRODUCTS_DIR; };
		867801662A213015006FE479 /* Weekly_WinnerTests.swift */ = {isa = PBXFileReference; lastKnownFileType = sourcecode.swift; path = Weekly_WinnerTests.swift; sourceTree = "<group>"; };
		8678016C2A213015006FE479 /* Weekly WinnerUITests.xctest */ = {isa = PBXFileReference; explicitFileType = wrapper.cfbundle; includeInIndex = 0; path = "Weekly WinnerUITests.xctest"; sourceTree = BUILT_PRODUCTS_DIR; };
		867801702A213015006FE479 /* Weekly_WinnerUITests.swift */ = {isa = PBXFileReference; lastKnownFileType = sourcecode.swift; path = Weekly_WinnerUITests.swift; sourceTree = "<group>"; };
		867801722A213015006FE479 /* Weekly_WinnerUITestsLaunchTests.swift */ = {isa = PBXFileReference; lastKnownFileType = sourcecode.swift; path = Weekly_WinnerUITestsLaunchTests.swift; sourceTree = "<group>"; };
		8678017F2A213CB9006FE479 /* tabBarView.swift */ = {isa = PBXFileReference; lastKnownFileType = sourcecode.swift; path = tabBarView.swift; sourceTree = "<group>"; };
		867801812A213F83006FE479 /* screen1.swift */ = {isa = PBXFileReference; lastKnownFileType = sourcecode.swift; path = screen1.swift; sourceTree = "<group>"; };
		867801832A213F90006FE479 /* screen2.swift */ = {isa = PBXFileReference; lastKnownFileType = sourcecode.swift; path = screen2.swift; sourceTree = "<group>"; };
		867801852A213F99006FE479 /* groupsView.swift */ = {isa = PBXFileReference; lastKnownFileType = sourcecode.swift; path = groupsView.swift; sourceTree = "<group>"; };
		867801872A213FA5006FE479 /* ticketView.swift */ = {isa = PBXFileReference; lastKnownFileType = sourcecode.swift; path = ticketView.swift; sourceTree = "<group>"; };
		867801892A213FB1006FE479 /* profileView.swift */ = {isa = PBXFileReference; lastKnownFileType = sourcecode.swift; path = profileView.swift; sourceTree = "<group>"; };
		867C14B42B4494900095DBCC /* ChallengeTicket.swift */ = {isa = PBXFileReference; lastKnownFileType = sourcecode.swift; path = ChallengeTicket.swift; sourceTree = "<group>"; };
		8688C58F2AFFDCBD007EED78 /* GifImage.swift */ = {isa = PBXFileReference; lastKnownFileType = sourcecode.swift; path = GifImage.swift; sourceTree = "<group>"; };
		8688C5912AFFDE28007EED78 /* out-_1_.gif */ = {isa = PBXFileReference; lastKnownFileType = image.gif; path = "out-_1_.gif"; sourceTree = "<group>"; };
		8688C5932AFFDFCB007EED78 /* Iphone.gif */ = {isa = PBXFileReference; lastKnownFileType = image.gif; path = Iphone.gif; sourceTree = "<group>"; };
		8688C5952B00CEF3007EED78 /* Assets.xcassets */ = {isa = PBXFileReference; lastKnownFileType = folder.assetcatalog; path = Assets.xcassets; sourceTree = "<group>"; };
		868FDA8A2A8AD4BC0092E3C5 /* splashScreenView.swift */ = {isa = PBXFileReference; lastKnownFileType = sourcecode.swift; path = splashScreenView.swift; sourceTree = "<group>"; };
		868FDA8C2A8D65AE0092E3C5 /* profilePhotoSelectorView.swift */ = {isa = PBXFileReference; lastKnownFileType = sourcecode.swift; path = profilePhotoSelectorView.swift; sourceTree = "<group>"; };
		868FDA8E2A8D67270092E3C5 /* TermsAndConditionsSignupView.swift */ = {isa = PBXFileReference; lastKnownFileType = sourcecode.swift; path = TermsAndConditionsSignupView.swift; sourceTree = "<group>"; };
		869B67F32B5B248300F6CCDF /* finalizeAcceptChallengeView.swift */ = {isa = PBXFileReference; lastKnownFileType = sourcecode.swift; path = finalizeAcceptChallengeView.swift; sourceTree = "<group>"; };
		869B67F52B5D750200F6CCDF /* inActionChallengeViewModel.swift */ = {isa = PBXFileReference; lastKnownFileType = sourcecode.swift; path = inActionChallengeViewModel.swift; sourceTree = "<group>"; };
		869B67F72B5D797500F6CCDF /* inActionChallengeView.swift */ = {isa = PBXFileReference; lastKnownFileType = sourcecode.swift; path = inActionChallengeView.swift; sourceTree = "<group>"; };
		869B67F92B5ECF0300F6CCDF /* DeviceLocationService.swift */ = {isa = PBXFileReference; lastKnownFileType = sourcecode.swift; path = DeviceLocationService.swift; sourceTree = "<group>"; };
		869B67FB2B5ED16500F6CCDF /* purchaseCurrencyView.swift */ = {isa = PBXFileReference; lastKnownFileType = sourcecode.swift; path = purchaseCurrencyView.swift; sourceTree = "<group>"; };
		86BC79692B843FCD008BA830 /* emailVerificationView.swift */ = {isa = PBXFileReference; lastKnownFileType = sourcecode.swift; path = emailVerificationView.swift; sourceTree = "<group>"; };
		86E55C2F2B5B1C4F003164EE /* pendingChallengeViewModel.swift */ = {isa = PBXFileReference; lastKnownFileType = sourcecode.swift; path = pendingChallengeViewModel.swift; sourceTree = "<group>"; };
		86E55C312B5B1CB3003164EE /* acceptChallengeVew.swift */ = {isa = PBXFileReference; lastKnownFileType = sourcecode.swift; path = acceptChallengeVew.swift; sourceTree = "<group>"; };
		86E989C22B58577E000B2DB4 /* challengeDetails.swift */ = {isa = PBXFileReference; lastKnownFileType = sourcecode.swift; path = challengeDetails.swift; sourceTree = "<group>"; };
		86F03BBD2BB1B00C009169AC /* addFriendsView.swift */ = {isa = PBXFileReference; lastKnownFileType = sourcecode.swift; path = addFriendsView.swift; sourceTree = "<group>"; };
		86F03BBF2BB1B059009169AC /* addFriendsViewModel.swift */ = {isa = PBXFileReference; lastKnownFileType = sourcecode.swift; path = addFriendsViewModel.swift; sourceTree = "<group>"; };
/* End PBXFileReference section */

/* Begin PBXFrameworksBuildPhase section */
		8678014E2A213010006FE479 /* Frameworks */ = {
			isa = PBXFrameworksBuildPhase;
			buildActionMask = 2147483647;
			files = (
				8642C2162B249D0E00BB96AD /* GoogleSignInSwift in Frameworks */,
				8603AD122B1099C500B3B6BD /* FirebasePerformance in Frameworks */,
				8603AD002B1099C500B3B6BD /* FirebaseAnalyticsSwift in Frameworks */,
				8603AD042B1099C500B3B6BD /* FirebaseCrashlytics in Frameworks */,
				8603AD102B1099C500B3B6BD /* FirebaseMessaging in Frameworks */,
				8603AD0E2B1099C500B3B6BD /* FirebaseInAppMessaging-Beta in Frameworks */,
				8603AD142B1099C500B3B6BD /* FirebaseStorage in Frameworks */,
				8603AD022B1099C500B3B6BD /* FirebaseAuth in Frameworks */,
				3C9D85C02B63551F001E702C /* PopupView in Frameworks */,
				8603AD0C2B1099C500B3B6BD /* FirebaseFunctions in Frameworks */,
				8603AD172B109A0E00B3B6BD /* Kingfisher in Frameworks */,
				8603AD0A2B1099C500B3B6BD /* FirebaseFirestoreSwift in Frameworks */,
				8603AD082B1099C500B3B6BD /* FirebaseFirestoreCombine-Community in Frameworks */,
				8603AD062B1099C500B3B6BD /* FirebaseFirestore in Frameworks */,
				8603ACFE2B1099C500B3B6BD /* FirebaseAnalytics in Frameworks */,
				8642C2142B249D0E00BB96AD /* GoogleSignIn in Frameworks */,
			);
			runOnlyForDeploymentPostprocessing = 0;
		};
		8678015F2A213015006FE479 /* Frameworks */ = {
			isa = PBXFrameworksBuildPhase;
			buildActionMask = 2147483647;
			files = (
			);
			runOnlyForDeploymentPostprocessing = 0;
		};
		867801692A213015006FE479 /* Frameworks */ = {
			isa = PBXFrameworksBuildPhase;
			buildActionMask = 2147483647;
			files = (
			);
			runOnlyForDeploymentPostprocessing = 0;
		};
/* End PBXFrameworksBuildPhase section */

/* Begin PBXGroup section */
		3C91B6C42A58B9E700398F53 /* UI */ = {
			isa = PBXGroup;
			children = (
				3C91B6C52A58BA0E00398F53 /* UI Misc.swift */,
				3C91B6C72A58BE6D00398F53 /* RoundingUI.swift */,
				8688C5932AFFDFCB007EED78 /* Iphone.gif */,
				8688C5912AFFDE28007EED78 /* out-_1_.gif */,
				866C52572A7709BA008BE839 /* Fonts */,
			);
			path = UI;
			sourceTree = "<group>";
		};
		3C9567882B9007E2000A1A56 /* Book Views */ = {
			isa = PBXGroup;
			children = (
				867801832A213F90006FE479 /* screen2.swift */,
				3C9567892B90081E000A1A56 /* betPopupView.swift */,
				3CA8603A2B96BCE5006CA81D /* peer2peerPopUp.swift */,
			);
			path = "Book Views";
			sourceTree = "<group>";
		};
		3CAA9A2E2A64B582000146FA /* Views */ = {
			isa = PBXGroup;
			children = (
				3CFEC4882B4E4F5E00C11B5C /* Authentication Views */,
				3CFEC4872B4E4F0D00C11B5C /* Challenge Views */,
				3C9567882B9007E2000A1A56 /* Book Views */,
				8688C58F2AFFDCBD007EED78 /* GifImage.swift */,
				868FDA8A2A8AD4BC0092E3C5 /* splashScreenView.swift */,
				867801562A213010006FE479 /* ContentView.swift */,
				867801812A213F83006FE479 /* screen1.swift */,
				867801872A213FA5006FE479 /* ticketView.swift */,
				863FF91C2A5B0FA200942CE7 /* sportsSelecterView.swift */,
				8653242C2A63B535005AB3EF /* createGroupsView.swift */,
				867801852A213F99006FE479 /* groupsView.swift */,
				867801892A213FB1006FE479 /* profileView.swift */,
				86F03BBD2BB1B00C009169AC /* addFriendsView.swift */,
				864A2D6B2A6D8370000FBA35 /* editProfileView.swift */,
				866C52552A737B27008BE839 /* settingsView.swift */,
				8678017F2A213CB9006FE479 /* tabBarView.swift */,
				3CD023CF2A84655E0033D761 /* groupSettingsView.swift */,
				3C7C70892A92F38600C7C9DB /* globalPrizesView.swift */,
				3C8E5C902B3FEE1E0075B300 /* inAppPurchaseView.swift */,
			);
			path = Views;
			sourceTree = "<group>";
		};
		3CAA9A2F2A64B590000146FA /* View Models */ = {
			isa = PBXGroup;
			children = (
				3CFD81C22B6BD47E00DB3E7C /* Challenge ViewModels */,
				865C4A772A327CC200C3C626 /* authenticationViewModel.swift */,
				863FF91E2A5B0FDC00942CE7 /* sportsSelectorViewModel.swift */,
				8668B3102A2EE9CF00A1B343 /* bookViewModel.swift */,
				863FC0502A41176400405F2A /* ticketViewModel.swift */,
				865324322A643720005AB3EF /* groupsViewModel.swift */,
				8653242E2A63B74C005AB3EF /* createGroupsViewModel.swift */,
				864A2D5E2A6D7DAF000FBA35 /* profileViewModel.swift */,
				864A2D692A6D82CF000FBA35 /* editProfileViewModel.swift */,
				3C3DB73D2A7C7E3E000F6898 /* chatViewModel.swift */,
				3C7C708B2A92F5F800C7C9DB /* prizesViewModel.swift */,
				3C972C892B2FC07100671D0F /* screen1ViewModel.swift */,
				3C065BA92AC714C40040D6CE /* statsViewModel.swift */,
				3C86F9392B9C083500990049 /* peer2peerViewModel.swift */,
				86F03BBF2BB1B059009169AC /* addFriendsViewModel.swift */,
			);
			path = "View Models";
			sourceTree = "<group>";
		};
		3CFD81C22B6BD47E00DB3E7C /* Challenge ViewModels */ = {
			isa = PBXGroup;
			children = (
				3C8E5C942B43C28C0075B300 /* challengeViewModel.swift */,
				86E55C2F2B5B1C4F003164EE /* pendingChallengeViewModel.swift */,
				869B67F52B5D750200F6CCDF /* inActionChallengeViewModel.swift */,
				3CFD81C32B6C64E600DB3E7C /* paymentViewModel.swift */,
			);
			path = "Challenge ViewModels";
			sourceTree = "<group>";
		};
		3CFEC4872B4E4F0D00C11B5C /* Challenge Views */ = {
			isa = PBXGroup;
			children = (
				3C8E5C922B43AA8A0075B300 /* challengeView.swift */,
				3CADF50C2B4F091400BE850E /* pendingChallengeView.swift */,
				3CFD81C02B6BD0EF00DB3E7C /* finishedChallengeView.swift */,
				86E989C22B58577E000B2DB4 /* challengeDetails.swift */,
				3CB799BB2B47501D00C7A9F0 /* challengeViewTwo.swift */,
				3CFEC4892B4E517800C11B5C /* challengeTicketView.swift */,
				3CFEC48B2B4E716000C11B5C /* finalizeChallengeView.swift */,
				869B67F72B5D797500F6CCDF /* inActionChallengeView.swift */,
				86E55C312B5B1CB3003164EE /* acceptChallengeVew.swift */,
				869B67F32B5B248300F6CCDF /* finalizeAcceptChallengeView.swift */,
				869B67FB2B5ED16500F6CCDF /* purchaseCurrencyView.swift */,
				3C913EAA2BA51B97001D2153 /* acceptDirectChallenge.swift */,
			);
			path = "Challenge Views";
			sourceTree = "<group>";
		};
		3CFEC4882B4E4F5E00C11B5C /* Authentication Views */ = {
			isa = PBXGroup;
			children = (
				3CACEDAA2B856315002A88B2 /* signUpView.swift */,
				865C4A752A327CA600C3C626 /* authenticationView.swift */,
				866FFFA72AFE630E00A0CA13 /* SignupIntro.swift */,
				868FDA8C2A8D65AE0092E3C5 /* profilePhotoSelectorView.swift */,
				86BC79692B843FCD008BA830 /* emailVerificationView.swift */,
				868FDA8E2A8D67270092E3C5 /* TermsAndConditionsSignupView.swift */,
			);
			path = "Authentication Views";
			sourceTree = "<group>";
		};
		864A2D642A6D8052000FBA35 /* CustomAlert */ = {
			isa = PBXGroup;
			children = (
				864A2D652A6D8090000FBA35 /* AlertView.swift */,
				864A2D672A6D80C1000FBA35 /* ButtonComponent.swift */,
			);
			path = CustomAlert;
			sourceTree = "<group>";
		};
		865C4A7D2A32BFF500C3C626 /* services */ = {
			isa = PBXGroup;
			children = (
				3C3DB7392A7C60CE000F6898 /* chatService.swift */,
				8668B3122A2EF06A00A1B343 /* gameService.swift */,
				865C4A792A32890F00C3C626 /* userService.swift */,
				866251132A40D3B500708495 /* betService.swift */,
				863FC0522A466FD500405F2A /* groupService.swift */,
				864A2D622A6D7F93000FBA35 /* AppUtilitiy.swift */,
				864A2D6D2A70ED21000FBA35 /* imageUploader.swift */,
				864A2D6F2A70EE9E000FBA35 /* imagePicker.swift */,
				869B67F92B5ECF0300F6CCDF /* DeviceLocationService.swift */,
			);
			path = services;
			sourceTree = "<group>";
		};
		865C4A7E2A32C00B00C3C626 /* custom variables */ = {
			isa = PBXGroup;
			children = (
				8668B30E2A2EE62700A1B343 /* Game.swift */,
				865C4A7B2A32893100C3C626 /* User.swift */,
				8662510F2A3E862400708495 /* Ticket.swift */,
				867C14B42B4494900095DBCC /* ChallengeTicket.swift */,
				3CB1AC8A2A61602700C931CA /* Group.swift */,
				866251112A3E892E00708495 /* Bet.swift */,
				3C3DB73B2A7C6129000F6898 /* Chat.swift */,
				867713ED2AC3284A00B2B036 /* Stats.swift */,
			);
			path = "custom variables";
			sourceTree = "<group>";
		};
		865E51352AD89ACC008D5581 /* Frameworks */ = {
			isa = PBXGroup;
			children = (
			);
			name = Frameworks;
			sourceTree = "<group>";
		};
		866C52572A7709BA008BE839 /* Fonts */ = {
			isa = PBXGroup;
			children = (
				866C52582A7709D9008BE839 /* Jura-Regular.ttf */,
				866C525A2A7712F1008BE839 /* Poppins-Light.ttf */,
				3C1091EC2A7898830049C278 /* Poppins-Medium.ttf */,
				3C1091EB2A7898790049C278 /* Poppins-Regular.ttf */,
				3C1091EA2A7897DC0049C278 /* LexendDeca-Medium.ttf */,
				3C1091F02A789D290049C278 /* LexendDeca-SemiBold.ttf */,
				3C5F715D2A7983CA00B3AB4C /* LexendDeca-Light.ttf */,
			);
			path = Fonts;
			sourceTree = "<group>";
		};
		867801482A213010006FE479 = {
			isa = PBXGroup;
			children = (
				867801532A213010006FE479 /* Weekly Winner */,
				867801652A213015006FE479 /* Weekly WinnerTests */,
				8678016F2A213015006FE479 /* Weekly WinnerUITests */,
				867801522A213010006FE479 /* Products */,
				865E51352AD89ACC008D5581 /* Frameworks */,
			);
			sourceTree = "<group>";
		};
		867801522A213010006FE479 /* Products */ = {
			isa = PBXGroup;
			children = (
				867801512A213010006FE479 /* Weekly Winner.app */,
				867801622A213015006FE479 /* Weekly WinnerTests.xctest */,
				8678016C2A213015006FE479 /* Weekly WinnerUITests.xctest */,
			);
			name = Products;
			sourceTree = "<group>";
		};
		867801532A213010006FE479 /* Weekly Winner */ = {
			isa = PBXGroup;
			children = (
				3C5DE7352AF93A66003225EB /* Weekly WinnerDebug.entitlements */,
				866C52592A770B4E008BE839 /* Weekly-Winner-Info.plist */,
				867801542A213010006FE479 /* Weekly_WinnerApp.swift */,
				3CAA9A2F2A64B590000146FA /* View Models */,
				3CAA9A2E2A64B582000146FA /* Views */,
				865C4A7E2A32C00B00C3C626 /* custom variables */,
				864A2D642A6D8052000FBA35 /* CustomAlert */,
				865C4A7D2A32BFF500C3C626 /* services */,
				3C91B6C42A58B9E700398F53 /* UI */,
				8678015A2A213015006FE479 /* Weekly_Winner.entitlements */,
				3C97BA5C2B0BDF7A00FE7A6B /* GoogleService-Info.plist */,
				8688C5952B00CEF3007EED78 /* Assets.xcassets */,
				8678015B2A213015006FE479 /* Preview Content */,
			);
			path = "Weekly Winner";
			sourceTree = "<group>";
		};
		8678015B2A213015006FE479 /* Preview Content */ = {
			isa = PBXGroup;
			children = (
				8678015C2A213015006FE479 /* Preview Assets.xcassets */,
			);
			path = "Preview Content";
			sourceTree = "<group>";
		};
		867801652A213015006FE479 /* Weekly WinnerTests */ = {
			isa = PBXGroup;
			children = (
				867801662A213015006FE479 /* Weekly_WinnerTests.swift */,
			);
			path = "Weekly WinnerTests";
			sourceTree = "<group>";
		};
		8678016F2A213015006FE479 /* Weekly WinnerUITests */ = {
			isa = PBXGroup;
			children = (
				867801702A213015006FE479 /* Weekly_WinnerUITests.swift */,
				867801722A213015006FE479 /* Weekly_WinnerUITestsLaunchTests.swift */,
			);
			path = "Weekly WinnerUITests";
			sourceTree = "<group>";
		};
/* End PBXGroup section */

/* Begin PBXNativeTarget section */
		867801502A213010006FE479 /* Weekly Winner */ = {
			isa = PBXNativeTarget;
			buildConfigurationList = 867801762A213015006FE479 /* Build configuration list for PBXNativeTarget "Weekly Winner" */;
			buildPhases = (
				8678014D2A213010006FE479 /* Sources */,
				8678014E2A213010006FE479 /* Frameworks */,
				8678014F2A213010006FE479 /* Resources */,
			);
			buildRules = (
			);
			dependencies = (
			);
			name = "Weekly Winner";
			packageProductDependencies = (
				8603ACFD2B1099C500B3B6BD /* FirebaseAnalytics */,
				8603ACFF2B1099C500B3B6BD /* FirebaseAnalyticsSwift */,
				8603AD012B1099C500B3B6BD /* FirebaseAuth */,
				8603AD032B1099C500B3B6BD /* FirebaseCrashlytics */,
				8603AD052B1099C500B3B6BD /* FirebaseFirestore */,
				8603AD072B1099C500B3B6BD /* FirebaseFirestoreCombine-Community */,
				8603AD092B1099C500B3B6BD /* FirebaseFirestoreSwift */,
				8603AD0B2B1099C500B3B6BD /* FirebaseFunctions */,
				8603AD0D2B1099C500B3B6BD /* FirebaseInAppMessaging-Beta */,
				8603AD0F2B1099C500B3B6BD /* FirebaseMessaging */,
				8603AD112B1099C500B3B6BD /* FirebasePerformance */,
				8603AD132B1099C500B3B6BD /* FirebaseStorage */,
				8603AD162B109A0E00B3B6BD /* Kingfisher */,
				8642C2132B249D0E00BB96AD /* GoogleSignIn */,
				8642C2152B249D0E00BB96AD /* GoogleSignInSwift */,
				3C9D85BF2B63551F001E702C /* PopupView */,
			);
			productName = "Weekly Winner";
			productReference = 867801512A213010006FE479 /* Weekly Winner.app */;
			productType = "com.apple.product-type.application";
		};
		867801612A213015006FE479 /* Weekly WinnerTests */ = {
			isa = PBXNativeTarget;
			buildConfigurationList = 867801792A213015006FE479 /* Build configuration list for PBXNativeTarget "Weekly WinnerTests" */;
			buildPhases = (
				8678015E2A213015006FE479 /* Sources */,
				8678015F2A213015006FE479 /* Frameworks */,
				867801602A213015006FE479 /* Resources */,
			);
			buildRules = (
			);
			dependencies = (
				867801642A213015006FE479 /* PBXTargetDependency */,
			);
			name = "Weekly WinnerTests";
			productName = "Weekly WinnerTests";
			productReference = 867801622A213015006FE479 /* Weekly WinnerTests.xctest */;
			productType = "com.apple.product-type.bundle.unit-test";
		};
		8678016B2A213015006FE479 /* Weekly WinnerUITests */ = {
			isa = PBXNativeTarget;
			buildConfigurationList = 8678017C2A213015006FE479 /* Build configuration list for PBXNativeTarget "Weekly WinnerUITests" */;
			buildPhases = (
				867801682A213015006FE479 /* Sources */,
				867801692A213015006FE479 /* Frameworks */,
				8678016A2A213015006FE479 /* Resources */,
			);
			buildRules = (
			);
			dependencies = (
				8678016E2A213015006FE479 /* PBXTargetDependency */,
			);
			name = "Weekly WinnerUITests";
			productName = "Weekly WinnerUITests";
			productReference = 8678016C2A213015006FE479 /* Weekly WinnerUITests.xctest */;
			productType = "com.apple.product-type.bundle.ui-testing";
		};
/* End PBXNativeTarget section */

/* Begin PBXProject section */
		867801492A213010006FE479 /* Project object */ = {
			isa = PBXProject;
			attributes = {
				BuildIndependentTargetsInParallel = 1;
				LastSwiftUpdateCheck = 1420;
				LastUpgradeCheck = 1500;
				TargetAttributes = {
					867801502A213010006FE479 = {
						CreatedOnToolsVersion = 14.2;
					};
					867801612A213015006FE479 = {
						CreatedOnToolsVersion = 14.2;
						TestTargetID = 867801502A213010006FE479;
					};
					8678016B2A213015006FE479 = {
						CreatedOnToolsVersion = 14.2;
						TestTargetID = 867801502A213010006FE479;
					};
				};
			};
			buildConfigurationList = 8678014C2A213010006FE479 /* Build configuration list for PBXProject "Weekly Winner" */;
			compatibilityVersion = "Xcode 14.0";
			developmentRegion = en;
			hasScannedForEncodings = 0;
			knownRegions = (
				en,
				Base,
			);
			mainGroup = 867801482A213010006FE479;
			packageReferences = (
				8603ACFC2B1099C500B3B6BD /* XCRemoteSwiftPackageReference "firebase-ios-sdk" */,
				8603AD152B109A0E00B3B6BD /* XCRemoteSwiftPackageReference "Kingfisher" */,
				8642C2122B249D0D00BB96AD /* XCRemoteSwiftPackageReference "GoogleSignIn-iOS" */,
				3C9D85BE2B63551F001E702C /* XCRemoteSwiftPackageReference "PopupView" */,
			);
			productRefGroup = 867801522A213010006FE479 /* Products */;
			projectDirPath = "";
			projectRoot = "";
			targets = (
				867801502A213010006FE479 /* Weekly Winner */,
				867801612A213015006FE479 /* Weekly WinnerTests */,
				8678016B2A213015006FE479 /* Weekly WinnerUITests */,
			);
		};
/* End PBXProject section */

/* Begin PBXResourcesBuildPhase section */
		8678014F2A213010006FE479 /* Resources */ = {
			isa = PBXResourcesBuildPhase;
			buildActionMask = 2147483647;
			files = (
				3C1091E62A7890B70049C278 /* Jura-Regular.ttf in Resources */,
				8678015D2A213015006FE479 /* Preview Assets.xcassets in Resources */,
				8688C5942AFFDFCB007EED78 /* Iphone.gif in Resources */,
				3C1091EE2A789A5A0049C278 /* Poppins-Regular.ttf in Resources */,
				3C5F715E2A7983CB00B3AB4C /* LexendDeca-Light.ttf in Resources */,
				3C97BA5D2B0BDF7A00FE7A6B /* GoogleService-Info.plist in Resources */,
				3C1091EF2A789A5C0049C278 /* LexendDeca-Medium.ttf in Resources */,
				8688C5922AFFDE28007EED78 /* out-_1_.gif in Resources */,
				3C1091ED2A789A570049C278 /* Poppins-Medium.ttf in Resources */,
				866C525B2A7712F1008BE839 /* Poppins-Light.ttf in Resources */,
				8688C5962B00CEF3007EED78 /* Assets.xcassets in Resources */,
				3C1091F12A789D290049C278 /* LexendDeca-SemiBold.ttf in Resources */,
			);
			runOnlyForDeploymentPostprocessing = 0;
		};
		867801602A213015006FE479 /* Resources */ = {
			isa = PBXResourcesBuildPhase;
			buildActionMask = 2147483647;
			files = (
			);
			runOnlyForDeploymentPostprocessing = 0;
		};
		8678016A2A213015006FE479 /* Resources */ = {
			isa = PBXResourcesBuildPhase;
			buildActionMask = 2147483647;
			files = (
			);
			runOnlyForDeploymentPostprocessing = 0;
		};
/* End PBXResourcesBuildPhase section */

/* Begin PBXSourcesBuildPhase section */
		8678014D2A213010006FE479 /* Sources */ = {
			isa = PBXSourcesBuildPhase;
			buildActionMask = 2147483647;
			files = (
				864A2D6C2A6D8370000FBA35 /* editProfileView.swift in Sources */,
				864A2D702A70EE9E000FBA35 /* imagePicker.swift in Sources */,
				867801572A213010006FE479 /* ContentView.swift in Sources */,
				3CADF50D2B4F091400BE850E /* pendingChallengeView.swift in Sources */,
				3C91B6C62A58BA0E00398F53 /* UI Misc.swift in Sources */,
				8668B3112A2EE9CF00A1B343 /* bookViewModel.swift in Sources */,
				86E989C32B58577E000B2DB4 /* challengeDetails.swift in Sources */,
				3C86F93A2B9C083500990049 /* peer2peerViewModel.swift in Sources */,
				3CB1AC8B2A61602700C931CA /* Group.swift in Sources */,
				868FDA8F2A8D67270092E3C5 /* TermsAndConditionsSignupView.swift in Sources */,
				866FFFA82AFE630E00A0CA13 /* SignupIntro.swift in Sources */,
				864A2D662A6D8090000FBA35 /* AlertView.swift in Sources */,
				869B67F82B5D797500F6CCDF /* inActionChallengeView.swift in Sources */,
				865C4A7A2A32890F00C3C626 /* userService.swift in Sources */,
				3CFEC48C2B4E716000C11B5C /* finalizeChallengeView.swift in Sources */,
				867801882A213FA5006FE479 /* ticketView.swift in Sources */,
				864A2D632A6D7F93000FBA35 /* AppUtilitiy.swift in Sources */,
				3CFEC48A2B4E517800C11B5C /* challengeTicketView.swift in Sources */,
				3CFD81C42B6C64E700DB3E7C /* paymentViewModel.swift in Sources */,
				3C7C708C2A92F5F800C7C9DB /* prizesViewModel.swift in Sources */,
				8653242F2A63B74C005AB3EF /* createGroupsViewModel.swift in Sources */,
				3C3DB73A2A7C60CE000F6898 /* chatService.swift in Sources */,
				3CA8603B2B96BCE5006CA81D /* peer2peerPopUp.swift in Sources */,
				867801822A213F83006FE479 /* screen1.swift in Sources */,
				3CACEDAB2B856315002A88B2 /* signUpView.swift in Sources */,
				3C3DB73C2A7C6129000F6898 /* Chat.swift in Sources */,
				8668B30F2A2EE62700A1B343 /* Game.swift in Sources */,
				867801862A213F9A006FE479 /* groupsView.swift in Sources */,
				863FC0532A466FD500405F2A /* groupService.swift in Sources */,
				3C7C708A2A92F38600C7C9DB /* globalPrizesView.swift in Sources */,
				869B67FC2B5ED16500F6CCDF /* purchaseCurrencyView.swift in Sources */,
				865C4A782A327CC200C3C626 /* authenticationViewModel.swift in Sources */,
				864A2D6A2A6D82CF000FBA35 /* editProfileViewModel.swift in Sources */,
				866C52562A737B27008BE839 /* settingsView.swift in Sources */,
				863FF91F2A5B0FDC00942CE7 /* sportsSelectorViewModel.swift in Sources */,
				865C4A7C2A32893100C3C626 /* User.swift in Sources */,
				863FF91D2A5B0FA200942CE7 /* sportsSelecterView.swift in Sources */,
				3C91B6C82A58BE6D00398F53 /* RoundingUI.swift in Sources */,
				865324332A643720005AB3EF /* groupsViewModel.swift in Sources */,
				867801552A213010006FE479 /* Weekly_WinnerApp.swift in Sources */,
				8653242D2A63B536005AB3EF /* createGroupsView.swift in Sources */,
				86BC796A2B843FCD008BA830 /* emailVerificationView.swift in Sources */,
				868FDA8B2A8AD4BC0092E3C5 /* splashScreenView.swift in Sources */,
				8678018A2A213FB1006FE479 /* profileView.swift in Sources */,
				3C8E5C932B43AA8A0075B300 /* challengeView.swift in Sources */,
				864A2D5F2A6D7DAF000FBA35 /* profileViewModel.swift in Sources */,
				863FC0512A41176400405F2A /* ticketViewModel.swift in Sources */,
				3CFD81C12B6BD0EF00DB3E7C /* finishedChallengeView.swift in Sources */,
				869B67FA2B5ECF0300F6CCDF /* DeviceLocationService.swift in Sources */,
				3C95678A2B90081E000A1A56 /* betPopupView.swift in Sources */,
				86F03BBE2BB1B00C009169AC /* addFriendsView.swift in Sources */,
				868FDA8D2A8D65AE0092E3C5 /* profilePhotoSelectorView.swift in Sources */,
				866251102A3E862400708495 /* Ticket.swift in Sources */,
				866251122A3E892E00708495 /* Bet.swift in Sources */,
				3C972C8A2B2FC07100671D0F /* screen1ViewModel.swift in Sources */,
				864A2D6E2A70ED21000FBA35 /* imageUploader.swift in Sources */,
				3CB799BC2B47501D00C7A9F0 /* challengeViewTwo.swift in Sources */,
				86E55C322B5B1CB3003164EE /* acceptChallengeVew.swift in Sources */,
				3C8E5C912B3FEE1F0075B300 /* inAppPurchaseView.swift in Sources */,
				3C913EAB2BA51B97001D2153 /* acceptDirectChallenge.swift in Sources */,
				3C8E5C952B43C28C0075B300 /* challengeViewModel.swift in Sources */,
				867801842A213F90006FE479 /* screen2.swift in Sources */,
				3C3DB73E2A7C7E3E000F6898 /* chatViewModel.swift in Sources */,
				86E55C302B5B1C4F003164EE /* pendingChallengeViewModel.swift in Sources */,
				867801802A213CB9006FE479 /* tabBarView.swift in Sources */,
				86F03BC02BB1B059009169AC /* addFriendsViewModel.swift in Sources */,
				867713EE2AC3284A00B2B036 /* Stats.swift in Sources */,
				3C065BAA2AC714C40040D6CE /* statsViewModel.swift in Sources */,
				867C14B52B4494900095DBCC /* ChallengeTicket.swift in Sources */,
				8688C5902AFFDCBD007EED78 /* GifImage.swift in Sources */,
				3CD023D02A84655E0033D761 /* groupSettingsView.swift in Sources */,
				865C4A762A327CA600C3C626 /* authenticationView.swift in Sources */,
				8668B3132A2EF06A00A1B343 /* gameService.swift in Sources */,
				869B67F42B5B248300F6CCDF /* finalizeAcceptChallengeView.swift in Sources */,
				866251142A40D3B500708495 /* betService.swift in Sources */,
				869B67F62B5D750200F6CCDF /* inActionChallengeViewModel.swift in Sources */,
				864A2D682A6D80C1000FBA35 /* ButtonComponent.swift in Sources */,
			);
			runOnlyForDeploymentPostprocessing = 0;
		};
		8678015E2A213015006FE479 /* Sources */ = {
			isa = PBXSourcesBuildPhase;
			buildActionMask = 2147483647;
			files = (
				867801672A213015006FE479 /* Weekly_WinnerTests.swift in Sources */,
			);
			runOnlyForDeploymentPostprocessing = 0;
		};
		867801682A213015006FE479 /* Sources */ = {
			isa = PBXSourcesBuildPhase;
			buildActionMask = 2147483647;
			files = (
				867801732A213015006FE479 /* Weekly_WinnerUITestsLaunchTests.swift in Sources */,
				867801712A213015006FE479 /* Weekly_WinnerUITests.swift in Sources */,
			);
			runOnlyForDeploymentPostprocessing = 0;
		};
/* End PBXSourcesBuildPhase section */

/* Begin PBXTargetDependency section */
		867801642A213015006FE479 /* PBXTargetDependency */ = {
			isa = PBXTargetDependency;
			target = 867801502A213010006FE479 /* Weekly Winner */;
			targetProxy = 867801632A213015006FE479 /* PBXContainerItemProxy */;
		};
		8678016E2A213015006FE479 /* PBXTargetDependency */ = {
			isa = PBXTargetDependency;
			target = 867801502A213010006FE479 /* Weekly Winner */;
			targetProxy = 8678016D2A213015006FE479 /* PBXContainerItemProxy */;
		};
/* End PBXTargetDependency section */

/* Begin XCBuildConfiguration section */
		867801742A213015006FE479 /* Debug */ = {
			isa = XCBuildConfiguration;
			buildSettings = {
				ALWAYS_SEARCH_USER_PATHS = NO;
				CLANG_ANALYZER_NONNULL = YES;
				CLANG_ANALYZER_NUMBER_OBJECT_CONVERSION = YES_AGGRESSIVE;
				CLANG_CXX_LANGUAGE_STANDARD = "gnu++20";
				CLANG_ENABLE_MODULES = YES;
				CLANG_ENABLE_OBJC_ARC = YES;
				CLANG_ENABLE_OBJC_WEAK = YES;
				CLANG_WARN_BLOCK_CAPTURE_AUTORELEASING = YES;
				CLANG_WARN_BOOL_CONVERSION = YES;
				CLANG_WARN_COMMA = YES;
				CLANG_WARN_CONSTANT_CONVERSION = YES;
				CLANG_WARN_DEPRECATED_OBJC_IMPLEMENTATIONS = YES;
				CLANG_WARN_DIRECT_OBJC_ISA_USAGE = YES_ERROR;
				CLANG_WARN_DOCUMENTATION_COMMENTS = YES;
				CLANG_WARN_EMPTY_BODY = YES;
				CLANG_WARN_ENUM_CONVERSION = YES;
				CLANG_WARN_INFINITE_RECURSION = YES;
				CLANG_WARN_INT_CONVERSION = YES;
				CLANG_WARN_NON_LITERAL_NULL_CONVERSION = YES;
				CLANG_WARN_OBJC_IMPLICIT_RETAIN_SELF = YES;
				CLANG_WARN_OBJC_LITERAL_CONVERSION = YES;
				CLANG_WARN_OBJC_ROOT_CLASS = YES_ERROR;
				CLANG_WARN_QUOTED_INCLUDE_IN_FRAMEWORK_HEADER = YES;
				CLANG_WARN_RANGE_LOOP_ANALYSIS = YES;
				CLANG_WARN_STRICT_PROTOTYPES = YES;
				CLANG_WARN_SUSPICIOUS_MOVE = YES;
				CLANG_WARN_UNGUARDED_AVAILABILITY = YES_AGGRESSIVE;
				CLANG_WARN_UNREACHABLE_CODE = YES;
				CLANG_WARN__DUPLICATE_METHOD_MATCH = YES;
				COPY_PHASE_STRIP = NO;
				DEAD_CODE_STRIPPING = YES;
				DEBUG_INFORMATION_FORMAT = dwarf;
				ENABLE_STRICT_OBJC_MSGSEND = YES;
				ENABLE_TESTABILITY = YES;
				ENABLE_USER_SCRIPT_SANDBOXING = YES;
				GCC_C_LANGUAGE_STANDARD = gnu11;
				GCC_DYNAMIC_NO_PIC = NO;
				GCC_NO_COMMON_BLOCKS = YES;
				GCC_OPTIMIZATION_LEVEL = 0;
				GCC_PREPROCESSOR_DEFINITIONS = (
					"DEBUG=1",
					"$(inherited)",
				);
				GCC_WARN_64_TO_32_BIT_CONVERSION = YES;
				GCC_WARN_ABOUT_RETURN_TYPE = YES_ERROR;
				GCC_WARN_UNDECLARED_SELECTOR = YES;
				GCC_WARN_UNINITIALIZED_AUTOS = YES_AGGRESSIVE;
				GCC_WARN_UNUSED_FUNCTION = YES;
				GCC_WARN_UNUSED_VARIABLE = YES;
				MTL_ENABLE_DEBUG_INFO = INCLUDE_SOURCE;
				MTL_FAST_MATH = YES;
				ONLY_ACTIVE_ARCH = YES;
				SWIFT_ACTIVE_COMPILATION_CONDITIONS = DEBUG;
				SWIFT_OPTIMIZATION_LEVEL = "-Onone";
			};
			name = Debug;
		};
		867801752A213015006FE479 /* Release */ = {
			isa = XCBuildConfiguration;
			buildSettings = {
				ALWAYS_SEARCH_USER_PATHS = NO;
				CLANG_ANALYZER_NONNULL = YES;
				CLANG_ANALYZER_NUMBER_OBJECT_CONVERSION = YES_AGGRESSIVE;
				CLANG_CXX_LANGUAGE_STANDARD = "gnu++20";
				CLANG_ENABLE_MODULES = YES;
				CLANG_ENABLE_OBJC_ARC = YES;
				CLANG_ENABLE_OBJC_WEAK = YES;
				CLANG_WARN_BLOCK_CAPTURE_AUTORELEASING = YES;
				CLANG_WARN_BOOL_CONVERSION = YES;
				CLANG_WARN_COMMA = YES;
				CLANG_WARN_CONSTANT_CONVERSION = YES;
				CLANG_WARN_DEPRECATED_OBJC_IMPLEMENTATIONS = YES;
				CLANG_WARN_DIRECT_OBJC_ISA_USAGE = YES_ERROR;
				CLANG_WARN_DOCUMENTATION_COMMENTS = YES;
				CLANG_WARN_EMPTY_BODY = YES;
				CLANG_WARN_ENUM_CONVERSION = YES;
				CLANG_WARN_INFINITE_RECURSION = YES;
				CLANG_WARN_INT_CONVERSION = YES;
				CLANG_WARN_NON_LITERAL_NULL_CONVERSION = YES;
				CLANG_WARN_OBJC_IMPLICIT_RETAIN_SELF = YES;
				CLANG_WARN_OBJC_LITERAL_CONVERSION = YES;
				CLANG_WARN_OBJC_ROOT_CLASS = YES_ERROR;
				CLANG_WARN_QUOTED_INCLUDE_IN_FRAMEWORK_HEADER = YES;
				CLANG_WARN_RANGE_LOOP_ANALYSIS = YES;
				CLANG_WARN_STRICT_PROTOTYPES = YES;
				CLANG_WARN_SUSPICIOUS_MOVE = YES;
				CLANG_WARN_UNGUARDED_AVAILABILITY = YES_AGGRESSIVE;
				CLANG_WARN_UNREACHABLE_CODE = YES;
				CLANG_WARN__DUPLICATE_METHOD_MATCH = YES;
				COPY_PHASE_STRIP = NO;
				DEAD_CODE_STRIPPING = YES;
				DEBUG_INFORMATION_FORMAT = "dwarf-with-dsym";
				ENABLE_NS_ASSERTIONS = NO;
				ENABLE_STRICT_OBJC_MSGSEND = YES;
				ENABLE_USER_SCRIPT_SANDBOXING = YES;
				GCC_C_LANGUAGE_STANDARD = gnu11;
				GCC_NO_COMMON_BLOCKS = YES;
				GCC_WARN_64_TO_32_BIT_CONVERSION = YES;
				GCC_WARN_ABOUT_RETURN_TYPE = YES_ERROR;
				GCC_WARN_UNDECLARED_SELECTOR = YES;
				GCC_WARN_UNINITIALIZED_AUTOS = YES_AGGRESSIVE;
				GCC_WARN_UNUSED_FUNCTION = YES;
				GCC_WARN_UNUSED_VARIABLE = YES;
				MTL_ENABLE_DEBUG_INFO = NO;
				MTL_FAST_MATH = YES;
				SWIFT_COMPILATION_MODE = wholemodule;
				SWIFT_OPTIMIZATION_LEVEL = "-O";
			};
			name = Release;
		};
		867801772A213015006FE479 /* Debug */ = {
			isa = XCBuildConfiguration;
			buildSettings = {
				ASSETCATALOG_COMPILER_APPICON_NAME = AppIcon;
				ASSETCATALOG_COMPILER_GLOBAL_ACCENT_COLOR_NAME = AccentColor;
				CODE_SIGN_ENTITLEMENTS = "Weekly Winner/Weekly WinnerDebug.entitlements";
				CODE_SIGN_IDENTITY = "Apple Development";
				CODE_SIGN_STYLE = Automatic;
				CURRENT_PROJECT_VERSION = 1;
				DEAD_CODE_STRIPPING = YES;
				DEBUG_INFORMATION_FORMAT = "dwarf-with-dsym";
				DEVELOPMENT_ASSET_PATHS = "\"Weekly Winner/Preview Content\"";
				DEVELOPMENT_TEAM = XSX8J9H7YC;
				ENABLE_HARDENED_RUNTIME = YES;
				"ENABLE_HARDENED_RUNTIME[sdk=macosx*]" = YES;
				ENABLE_PREVIEWS = YES;
				GENERATE_INFOPLIST_FILE = YES;
				INFOPLIST_FILE = "Weekly-Winner-Info.plist";
				INFOPLIST_KEY_CFBundleDisplayName = WagerPool;
				INFOPLIST_KEY_NSLocationWhenInUseUsageDescription = "This app needs your location for app functionality";
				INFOPLIST_KEY_UIApplicationSceneManifest_Generation = YES;
				"INFOPLIST_KEY_UIApplicationSceneManifest_Generation[sdk=iphoneos*]" = YES;
				"INFOPLIST_KEY_UIApplicationSceneManifest_Generation[sdk=iphonesimulator*]" = YES;
				INFOPLIST_KEY_UIApplicationSupportsIndirectInputEvents = YES;
				"INFOPLIST_KEY_UIApplicationSupportsIndirectInputEvents[sdk=iphoneos*]" = YES;
				"INFOPLIST_KEY_UIApplicationSupportsIndirectInputEvents[sdk=iphonesimulator*]" = YES;
				INFOPLIST_KEY_UILaunchScreen_Generation = YES;
				"INFOPLIST_KEY_UILaunchScreen_Generation[sdk=iphoneos*]" = YES;
				"INFOPLIST_KEY_UILaunchScreen_Generation[sdk=iphonesimulator*]" = YES;
				INFOPLIST_KEY_UIStatusBarStyle = UIStatusBarStyleDefault;
				"INFOPLIST_KEY_UIStatusBarStyle[sdk=iphoneos*]" = UIStatusBarStyleDefault;
				"INFOPLIST_KEY_UIStatusBarStyle[sdk=iphonesimulator*]" = UIStatusBarStyleDefault;
				INFOPLIST_KEY_UISupportedInterfaceOrientations = UIInterfaceOrientationPortrait;
				INFOPLIST_KEY_UISupportedInterfaceOrientations_iPad = "UIInterfaceOrientationLandscapeLeft UIInterfaceOrientationLandscapeRight UIInterfaceOrientationPortrait UIInterfaceOrientationPortraitUpsideDown";
				IPHONEOS_DEPLOYMENT_TARGET = 16.0;
				LD_RUNPATH_SEARCH_PATHS = "@executable_path/Frameworks";
				"LD_RUNPATH_SEARCH_PATHS[sdk=macosx*]" = "@executable_path/../Frameworks";
				MACOSX_DEPLOYMENT_TARGET = 13.1;
				MARKETING_VERSION = 2.1.0;
				PRODUCT_BUNDLE_IDENTIFIER = "PerkinsBrown2.Weekly-Winner";
				PRODUCT_NAME = "$(TARGET_NAME)";
				PROVISIONING_PROFILE_SPECIFIER = "";
				SDKROOT = iphoneos;
				SUPPORTED_PLATFORMS = "iphoneos iphonesimulator";
				SUPPORTS_MACCATALYST = NO;
				SUPPORTS_MAC_DESIGNED_FOR_IPHONE_IPAD = NO;
				SWIFT_EMIT_LOC_STRINGS = YES;
				SWIFT_VERSION = 5.0;
				TARGETED_DEVICE_FAMILY = 1;
			};
			name = Debug;
		};
		867801782A213015006FE479 /* Release */ = {
			isa = XCBuildConfiguration;
			buildSettings = {
				ASSETCATALOG_COMPILER_APPICON_NAME = AppIcon;
				ASSETCATALOG_COMPILER_GLOBAL_ACCENT_COLOR_NAME = AccentColor;
				CODE_SIGN_ENTITLEMENTS = "Weekly Winner/Weekly WinnerDebug.entitlements";
				CODE_SIGN_IDENTITY = "Apple Development";
				CODE_SIGN_STYLE = Automatic;
				CURRENT_PROJECT_VERSION = 1;
				DEAD_CODE_STRIPPING = YES;
				DEVELOPMENT_ASSET_PATHS = "\"Weekly Winner/Preview Content\"";
				DEVELOPMENT_TEAM = XSX8J9H7YC;
				ENABLE_HARDENED_RUNTIME = YES;
				"ENABLE_HARDENED_RUNTIME[sdk=macosx*]" = YES;
				ENABLE_PREVIEWS = YES;
				GENERATE_INFOPLIST_FILE = YES;
				INFOPLIST_FILE = "Weekly-Winner-Info.plist";
				INFOPLIST_KEY_CFBundleDisplayName = WagerPool;
				INFOPLIST_KEY_NSLocationWhenInUseUsageDescription = "This app needs your location for app functionality";
				INFOPLIST_KEY_UIApplicationSceneManifest_Generation = YES;
				"INFOPLIST_KEY_UIApplicationSceneManifest_Generation[sdk=iphoneos*]" = YES;
				"INFOPLIST_KEY_UIApplicationSceneManifest_Generation[sdk=iphonesimulator*]" = YES;
				INFOPLIST_KEY_UIApplicationSupportsIndirectInputEvents = YES;
				"INFOPLIST_KEY_UIApplicationSupportsIndirectInputEvents[sdk=iphoneos*]" = YES;
				"INFOPLIST_KEY_UIApplicationSupportsIndirectInputEvents[sdk=iphonesimulator*]" = YES;
				INFOPLIST_KEY_UILaunchScreen_Generation = YES;
				"INFOPLIST_KEY_UILaunchScreen_Generation[sdk=iphoneos*]" = YES;
				"INFOPLIST_KEY_UILaunchScreen_Generation[sdk=iphonesimulator*]" = YES;
				INFOPLIST_KEY_UIStatusBarStyle = UIStatusBarStyleDefault;
				"INFOPLIST_KEY_UIStatusBarStyle[sdk=iphoneos*]" = UIStatusBarStyleDefault;
				"INFOPLIST_KEY_UIStatusBarStyle[sdk=iphonesimulator*]" = UIStatusBarStyleDefault;
				INFOPLIST_KEY_UISupportedInterfaceOrientations = UIInterfaceOrientationPortrait;
				INFOPLIST_KEY_UISupportedInterfaceOrientations_iPad = "UIInterfaceOrientationLandscapeLeft UIInterfaceOrientationLandscapeRight UIInterfaceOrientationPortrait UIInterfaceOrientationPortraitUpsideDown";
				IPHONEOS_DEPLOYMENT_TARGET = 16.0;
				LD_RUNPATH_SEARCH_PATHS = "@executable_path/Frameworks";
				"LD_RUNPATH_SEARCH_PATHS[sdk=macosx*]" = "@executable_path/../Frameworks";
				MACOSX_DEPLOYMENT_TARGET = 13.1;
				MARKETING_VERSION = 2.1.0;
				PRODUCT_BUNDLE_IDENTIFIER = "PerkinsBrown2.Weekly-Winner";
				PRODUCT_NAME = "$(TARGET_NAME)";
				PROVISIONING_PROFILE_SPECIFIER = "";
				SDKROOT = iphoneos;
				SUPPORTED_PLATFORMS = "iphoneos iphonesimulator";
				SUPPORTS_MACCATALYST = NO;
				SUPPORTS_MAC_DESIGNED_FOR_IPHONE_IPAD = NO;
				SWIFT_EMIT_LOC_STRINGS = YES;
				SWIFT_VERSION = 5.0;
				TARGETED_DEVICE_FAMILY = 1;
			};
			name = Release;
		};
		8678017A2A213015006FE479 /* Debug */ = {
			isa = XCBuildConfiguration;
			buildSettings = {
				ALWAYS_EMBED_SWIFT_STANDARD_LIBRARIES = YES;
				BUNDLE_LOADER = "$(TEST_HOST)";
				CODE_SIGN_STYLE = Automatic;
				CURRENT_PROJECT_VERSION = 1;
				DEAD_CODE_STRIPPING = YES;
				DEVELOPMENT_TEAM = XSX8J9H7YC;
				GENERATE_INFOPLIST_FILE = YES;
				IPHONEOS_DEPLOYMENT_TARGET = 16.2;
				MACOSX_DEPLOYMENT_TARGET = 13.1;
				MARKETING_VERSION = 1.0;
				PRODUCT_BUNDLE_IDENTIFIER = "PerkinsBrown2.Weekly-WinnerTests";
				PRODUCT_NAME = "$(TARGET_NAME)";
				SDKROOT = auto;
				SUPPORTED_PLATFORMS = "iphoneos iphonesimulator macosx";
				SWIFT_EMIT_LOC_STRINGS = NO;
				SWIFT_VERSION = 5.0;
				TARGETED_DEVICE_FAMILY = "1,2";
				TEST_HOST = "$(BUILT_PRODUCTS_DIR)/Weekly Winner.app/$(BUNDLE_EXECUTABLE_FOLDER_PATH)/Weekly Winner";
			};
			name = Debug;
		};
		8678017B2A213015006FE479 /* Release */ = {
			isa = XCBuildConfiguration;
			buildSettings = {
				ALWAYS_EMBED_SWIFT_STANDARD_LIBRARIES = YES;
				BUNDLE_LOADER = "$(TEST_HOST)";
				CODE_SIGN_STYLE = Automatic;
				CURRENT_PROJECT_VERSION = 1;
				DEAD_CODE_STRIPPING = YES;
				DEVELOPMENT_TEAM = XSX8J9H7YC;
				GENERATE_INFOPLIST_FILE = YES;
				IPHONEOS_DEPLOYMENT_TARGET = 16.2;
				MACOSX_DEPLOYMENT_TARGET = 13.1;
				MARKETING_VERSION = 1.0;
				PRODUCT_BUNDLE_IDENTIFIER = "PerkinsBrown2.Weekly-WinnerTests";
				PRODUCT_NAME = "$(TARGET_NAME)";
				SDKROOT = auto;
				SUPPORTED_PLATFORMS = "iphoneos iphonesimulator macosx";
				SWIFT_EMIT_LOC_STRINGS = NO;
				SWIFT_VERSION = 5.0;
				TARGETED_DEVICE_FAMILY = "1,2";
				TEST_HOST = "$(BUILT_PRODUCTS_DIR)/Weekly Winner.app/$(BUNDLE_EXECUTABLE_FOLDER_PATH)/Weekly Winner";
			};
			name = Release;
		};
		8678017D2A213015006FE479 /* Debug */ = {
			isa = XCBuildConfiguration;
			buildSettings = {
				ALWAYS_EMBED_SWIFT_STANDARD_LIBRARIES = YES;
				CODE_SIGN_STYLE = Automatic;
				CURRENT_PROJECT_VERSION = 1;
				DEAD_CODE_STRIPPING = YES;
				DEVELOPMENT_TEAM = XSX8J9H7YC;
				GENERATE_INFOPLIST_FILE = YES;
				IPHONEOS_DEPLOYMENT_TARGET = 16.2;
				MACOSX_DEPLOYMENT_TARGET = 13.1;
				MARKETING_VERSION = 1.0;
				PRODUCT_BUNDLE_IDENTIFIER = "PerkinsBrown2.Weekly-WinnerUITests";
				PRODUCT_NAME = "$(TARGET_NAME)";
				SDKROOT = auto;
				SUPPORTED_PLATFORMS = "iphoneos iphonesimulator macosx";
				SWIFT_EMIT_LOC_STRINGS = NO;
				SWIFT_VERSION = 5.0;
				TARGETED_DEVICE_FAMILY = "1,2";
				TEST_TARGET_NAME = "Weekly Winner";
			};
			name = Debug;
		};
		8678017E2A213015006FE479 /* Release */ = {
			isa = XCBuildConfiguration;
			buildSettings = {
				ALWAYS_EMBED_SWIFT_STANDARD_LIBRARIES = YES;
				CODE_SIGN_STYLE = Automatic;
				CURRENT_PROJECT_VERSION = 1;
				DEAD_CODE_STRIPPING = YES;
				DEVELOPMENT_TEAM = XSX8J9H7YC;
				GENERATE_INFOPLIST_FILE = YES;
				IPHONEOS_DEPLOYMENT_TARGET = 16.2;
				MACOSX_DEPLOYMENT_TARGET = 13.1;
				MARKETING_VERSION = 1.0;
				PRODUCT_BUNDLE_IDENTIFIER = "PerkinsBrown2.Weekly-WinnerUITests";
				PRODUCT_NAME = "$(TARGET_NAME)";
				SDKROOT = auto;
				SUPPORTED_PLATFORMS = "iphoneos iphonesimulator macosx";
				SWIFT_EMIT_LOC_STRINGS = NO;
				SWIFT_VERSION = 5.0;
				TARGETED_DEVICE_FAMILY = "1,2";
				TEST_TARGET_NAME = "Weekly Winner";
			};
			name = Release;
		};
/* End XCBuildConfiguration section */

/* Begin XCConfigurationList section */
		8678014C2A213010006FE479 /* Build configuration list for PBXProject "Weekly Winner" */ = {
			isa = XCConfigurationList;
			buildConfigurations = (
				867801742A213015006FE479 /* Debug */,
				867801752A213015006FE479 /* Release */,
			);
			defaultConfigurationIsVisible = 0;
			defaultConfigurationName = Release;
		};
		867801762A213015006FE479 /* Build configuration list for PBXNativeTarget "Weekly Winner" */ = {
			isa = XCConfigurationList;
			buildConfigurations = (
				867801772A213015006FE479 /* Debug */,
				867801782A213015006FE479 /* Release */,
			);
			defaultConfigurationIsVisible = 0;
			defaultConfigurationName = Release;
		};
		867801792A213015006FE479 /* Build configuration list for PBXNativeTarget "Weekly WinnerTests" */ = {
			isa = XCConfigurationList;
			buildConfigurations = (
				8678017A2A213015006FE479 /* Debug */,
				8678017B2A213015006FE479 /* Release */,
			);
			defaultConfigurationIsVisible = 0;
			defaultConfigurationName = Release;
		};
		8678017C2A213015006FE479 /* Build configuration list for PBXNativeTarget "Weekly WinnerUITests" */ = {
			isa = XCConfigurationList;
			buildConfigurations = (
				8678017D2A213015006FE479 /* Debug */,
				8678017E2A213015006FE479 /* Release */,
			);
			defaultConfigurationIsVisible = 0;
			defaultConfigurationName = Release;
		};
/* End XCConfigurationList section */

/* Begin XCRemoteSwiftPackageReference section */
		3C9D85BE2B63551F001E702C /* XCRemoteSwiftPackageReference "PopupView" */ = {
			isa = XCRemoteSwiftPackageReference;
			repositoryURL = "https://github.com/exyte/PopupView.git";
			requirement = {
				kind = upToNextMajorVersion;
				minimumVersion = 2.8.4;
			};
		};
		8603ACFC2B1099C500B3B6BD /* XCRemoteSwiftPackageReference "firebase-ios-sdk" */ = {
			isa = XCRemoteSwiftPackageReference;
			repositoryURL = "https://github.com/firebase/firebase-ios-sdk.git";
			requirement = {
				kind = upToNextMajorVersion;
				minimumVersion = 10.0.0;
			};
		};
		8603AD152B109A0E00B3B6BD /* XCRemoteSwiftPackageReference "Kingfisher" */ = {
			isa = XCRemoteSwiftPackageReference;
			repositoryURL = "https://github.com/onevcat/Kingfisher.git";
			requirement = {
				kind = upToNextMajorVersion;
				minimumVersion = 7.0.0;
			};
		};
		8642C2122B249D0D00BB96AD /* XCRemoteSwiftPackageReference "GoogleSignIn-iOS" */ = {
			isa = XCRemoteSwiftPackageReference;
			repositoryURL = "https://github.com/google/GoogleSignIn-iOS";
			requirement = {
				kind = upToNextMajorVersion;
				minimumVersion = 7.0.0;
			};
		};
/* End XCRemoteSwiftPackageReference section */

/* Begin XCSwiftPackageProductDependency section */
		3C9D85BF2B63551F001E702C /* PopupView */ = {
			isa = XCSwiftPackageProductDependency;
			package = 3C9D85BE2B63551F001E702C /* XCRemoteSwiftPackageReference "PopupView" */;
			productName = PopupView;
		};
		8603ACFD2B1099C500B3B6BD /* FirebaseAnalytics */ = {
			isa = XCSwiftPackageProductDependency;
			package = 8603ACFC2B1099C500B3B6BD /* XCRemoteSwiftPackageReference "firebase-ios-sdk" */;
			productName = FirebaseAnalytics;
		};
		8603ACFF2B1099C500B3B6BD /* FirebaseAnalyticsSwift */ = {
			isa = XCSwiftPackageProductDependency;
			package = 8603ACFC2B1099C500B3B6BD /* XCRemoteSwiftPackageReference "firebase-ios-sdk" */;
			productName = FirebaseAnalyticsSwift;
		};
		8603AD012B1099C500B3B6BD /* FirebaseAuth */ = {
			isa = XCSwiftPackageProductDependency;
			package = 8603ACFC2B1099C500B3B6BD /* XCRemoteSwiftPackageReference "firebase-ios-sdk" */;
			productName = FirebaseAuth;
		};
		8603AD032B1099C500B3B6BD /* FirebaseCrashlytics */ = {
			isa = XCSwiftPackageProductDependency;
			package = 8603ACFC2B1099C500B3B6BD /* XCRemoteSwiftPackageReference "firebase-ios-sdk" */;
			productName = FirebaseCrashlytics;
		};
		8603AD052B1099C500B3B6BD /* FirebaseFirestore */ = {
			isa = XCSwiftPackageProductDependency;
			package = 8603ACFC2B1099C500B3B6BD /* XCRemoteSwiftPackageReference "firebase-ios-sdk" */;
			productName = FirebaseFirestore;
		};
		8603AD072B1099C500B3B6BD /* FirebaseFirestoreCombine-Community */ = {
			isa = XCSwiftPackageProductDependency;
			package = 8603ACFC2B1099C500B3B6BD /* XCRemoteSwiftPackageReference "firebase-ios-sdk" */;
			productName = "FirebaseFirestoreCombine-Community";
		};
		8603AD092B1099C500B3B6BD /* FirebaseFirestoreSwift */ = {
			isa = XCSwiftPackageProductDependency;
			package = 8603ACFC2B1099C500B3B6BD /* XCRemoteSwiftPackageReference "firebase-ios-sdk" */;
			productName = FirebaseFirestoreSwift;
		};
		8603AD0B2B1099C500B3B6BD /* FirebaseFunctions */ = {
			isa = XCSwiftPackageProductDependency;
			package = 8603ACFC2B1099C500B3B6BD /* XCRemoteSwiftPackageReference "firebase-ios-sdk" */;
			productName = FirebaseFunctions;
		};
		8603AD0D2B1099C500B3B6BD /* FirebaseInAppMessaging-Beta */ = {
			isa = XCSwiftPackageProductDependency;
			package = 8603ACFC2B1099C500B3B6BD /* XCRemoteSwiftPackageReference "firebase-ios-sdk" */;
			productName = "FirebaseInAppMessaging-Beta";
		};
		8603AD0F2B1099C500B3B6BD /* FirebaseMessaging */ = {
			isa = XCSwiftPackageProductDependency;
			package = 8603ACFC2B1099C500B3B6BD /* XCRemoteSwiftPackageReference "firebase-ios-sdk" */;
			productName = FirebaseMessaging;
		};
		8603AD112B1099C500B3B6BD /* FirebasePerformance */ = {
			isa = XCSwiftPackageProductDependency;
			package = 8603ACFC2B1099C500B3B6BD /* XCRemoteSwiftPackageReference "firebase-ios-sdk" */;
			productName = FirebasePerformance;
		};
		8603AD132B1099C500B3B6BD /* FirebaseStorage */ = {
			isa = XCSwiftPackageProductDependency;
			package = 8603ACFC2B1099C500B3B6BD /* XCRemoteSwiftPackageReference "firebase-ios-sdk" */;
			productName = FirebaseStorage;
		};
		8603AD162B109A0E00B3B6BD /* Kingfisher */ = {
			isa = XCSwiftPackageProductDependency;
			package = 8603AD152B109A0E00B3B6BD /* XCRemoteSwiftPackageReference "Kingfisher" */;
			productName = Kingfisher;
		};
		8642C2132B249D0E00BB96AD /* GoogleSignIn */ = {
			isa = XCSwiftPackageProductDependency;
			package = 8642C2122B249D0D00BB96AD /* XCRemoteSwiftPackageReference "GoogleSignIn-iOS" */;
			productName = GoogleSignIn;
		};
		8642C2152B249D0E00BB96AD /* GoogleSignInSwift */ = {
			isa = XCSwiftPackageProductDependency;
			package = 8642C2122B249D0D00BB96AD /* XCRemoteSwiftPackageReference "GoogleSignIn-iOS" */;
			productName = GoogleSignInSwift;
		};
/* End XCSwiftPackageProductDependency section */
	};
	rootObject = 867801492A213010006FE479 /* Project object */;
}
